{
  "version": 4,
  "terraform_version": "0.12.18",
  "serial": 71,
  "lineage": "5480b489-51fe-8bc7-dbb5-4c59665a9e21",
  "outputs": {
    "config-map": {
      "value": "\napiVersion: v1\nkind: ConfigMap\nmetadata:\n  name: aws-auth\n  namespace: kube-system\ndata:\n  mapRoles: |\n    - rolearn: arn:aws:iam::389079568269:role/eks-cluster-eks-node-role\n      username: system:node:{{EC2PrivateDNSName}}\n      groups:\n        - system:bootstrappers\n        - system:nodes\n",
      "type": "string"
    },
    "kubeconfig": {
      "value": "\napiVersion: v1\nclusters:\n- cluster:\n    server: https://F35979EE5269D45B8D1AC613CEF67E2F.gr7.us-east-1.eks.amazonaws.com\n    certificate-authority-data: LS0tLS1CRUdJTiBDRVJUSUZJQ0FURS0tLS0tCk1JSUN5RENDQWJDZ0F3SUJBZ0lCQURBTkJna3Foa2lHOXcwQkFRc0ZBREFWTVJNd0VRWURWUVFERXdwcmRXSmwKY201bGRHVnpNQjRYRFRJd01ERXdOakEzTkRreU5Gb1hEVE13TURFd016QTNORGt5TkZvd0ZURVRNQkVHQTFVRQpBeE1LYTNWaVpYSnVaWFJsY3pDQ0FTSXdEUVlKS29aSWh2Y05BUUVCQlFBRGdnRVBBRENDQVFvQ2dnRUJBTEVFCjZXL0NXMkJUT293eUVvYW51VDRueVdxb1h3c2xGMUw3MXE5dEdUS3JNY1pybTRwaGpPM28zeXN5RlhEbzlTaUEKblRsa0VGek1jK1BNb0hQR25HTTNKL2ZMN2hqWENqOXFVdW9VKzdVQmxkSzJsVW0wY01kUzUwRkQ4Ri96WHhTegpVRjRQcXc2U3JnTkZqNVMwelNaQnpueDd6T1lpdVZFOGJlMS91MVB0MjY2RVhTWmo1bldDbzhIN3FWdjF1KzcxCnRYdjFuTXpSS1o4WDEranBlbVYvSWpxcWVGdW5RZlNkcTRyNk00SkZ4Ty9XWTd5Qk1WSzBLMWZORnZEOHlQN0IKS3BwTHhxV0hXbENDZUNrdmdJNzdmOFFQdWFhc0JwUVdTOXVYakx6bVZLMjlCLzJ5ODFNa21mR1MxT1pUQmZPdQpGS2NFaUR0aHMrYVBUM2lWTXlzQ0F3RUFBYU1qTUNFd0RnWURWUjBQQVFIL0JBUURBZ0trTUE4R0ExVWRFd0VCCi93UUZNQU1CQWY4d0RRWUpLb1pJaHZjTkFRRUxCUUFEZ2dFQkFEeTFaYjd4N1gwWjVwUGNRKzdnTXBiZVRNelEKVjBvbzBtUEZycm91VVhXWFdObUswOVpHV3QzM2RobEloYlljUXMxU3ZuRWcvVnEzQ04wVmRYMkhCcGtKK2lZegpySCs0RnRoRGkvODZ1cWlydU05eFRZanJqQ3AxaStLZ3d6MU1wN0hTVERtMy9ocHFMbGZKNnF6Y1JILzJVRDFMCnMxQkZlZ0Jud1hML3RzMlliYzRtRTR0Y3pmdEovM2dsYzdJNm9mY2dpNzlucHEzbzNqb0FYNEdPMU15MW5wK0oKM0tNSU9FRGFndnFMcVBUbzdzbWNlclNJTVdxdGs4YnVJbU1ONmd5YzRoQ3ViNGkwRXYxOTFaNFN0MjZlYUlNWgpVcjhTZXNqeUpqdGNBZDlSUGhNRWdNY0ticDhPZ005M01FelAwdXZPNnVmUGpna2UrS3JRTmdrRkhSOD0KLS0tLS1FTkQgQ0VSVElGSUNBVEUtLS0tLQo=\n  name: eks-cluster\ncontexts:\n- context:\n    cluster: eks-cluster\n    user: eks-cluster\n  name: eks-cluster\ncurrent-context: eks-cluster\nkind: Config\npreferences: {}\nusers:\n- name: eks-cluster\n  user:\n    exec:\n      apiVersion: client.authentication.k8s.io/v1alpha1\n      command: aws\n      args:\n        - \"eks\"\n        - \"get-token\"\n        - \"--cluster-name\"\n        - \"eks-cluster\"\n        - \"--region\"\n        - \"us-east-1\"\n",
      "type": "string"
    }
  },
  "resources": [
    {
      "module": "module.eks",
      "mode": "data",
      "type": "aws_ami",
      "name": "bastion",
      "provider": "module.eks.provider.aws",
      "instances": [
        {
          "schema_version": 0,
          "attributes": {
            "architecture": "x86_64",
            "block_device_mappings": [
              {
                "device_name": "/dev/xvda",
                "ebs": {
                  "delete_on_termination": "true",
                  "encrypted": "false",
                  "iops": "0",
                  "snapshot_id": "snap-020ec4f43b42c0023",
                  "volume_size": "8",
                  "volume_type": "gp2"
                },
                "no_device": "",
                "virtual_name": ""
              }
            ],
            "creation_date": "2019-11-19T18:40:03.000Z",
            "description": "Amazon Linux 2 AMI 2.0.20191116.0 x86_64 HVM gp2",
            "executable_users": null,
            "filter": [
              {
                "name": "name",
                "values": [
                  "amzn2-ami-hvm-*-x86_64-gp2"
                ]
              }
            ],
            "hypervisor": "xen",
            "id": "ami-00068cd7555f543d5",
            "image_id": "ami-00068cd7555f543d5",
            "image_location": "amazon/amzn2-ami-hvm-2.0.20191116.0-x86_64-gp2",
            "image_owner_alias": "amazon",
            "image_type": "machine",
            "kernel_id": null,
            "most_recent": true,
            "name": "amzn2-ami-hvm-2.0.20191116.0-x86_64-gp2",
            "name_regex": null,
            "owner_id": "137112412989",
            "owners": [
              "137112412989"
            ],
            "platform": null,
            "product_codes": [],
            "public": true,
            "ramdisk_id": null,
            "root_device_name": "/dev/xvda",
            "root_device_type": "ebs",
            "root_snapshot_id": "snap-020ec4f43b42c0023",
            "sriov_net_support": "simple",
            "state": "available",
            "state_reason": {
              "code": "UNSET",
              "message": "UNSET"
            },
            "tags": {},
            "virtualization_type": "hvm"
          }
        }
      ]
    },
    {
      "module": "module.eks",
      "mode": "data",
      "type": "aws_ami",
      "name": "eks-worker-ami",
      "provider": "module.eks.provider.aws",
      "instances": [
        {
          "schema_version": 0,
          "attributes": {
            "architecture": "x86_64",
            "block_device_mappings": [
              {
                "device_name": "/dev/xvda",
                "ebs": {
                  "delete_on_termination": "true",
                  "encrypted": "false",
                  "iops": "0",
                  "snapshot_id": "snap-0fee479720be8523e",
                  "volume_size": "20",
                  "volume_type": "gp2"
                },
                "no_device": "",
                "virtual_name": ""
              }
            ],
            "creation_date": "2019-12-13T08:42:37.000Z",
            "description": "EKS Kubernetes Worker AMI with AmazonLinux2 image, (k8s: 1.13.12, docker:18.09.9ce-2.amzn2)",
            "executable_users": null,
            "filter": [
              {
                "name": "name",
                "values": [
                  "amazon-eks-node-1.13-*"
                ]
              }
            ],
            "hypervisor": "xen",
            "id": "ami-002ee751a46c73abc",
            "image_id": "ami-002ee751a46c73abc",
            "image_location": "amazon/amazon-eks-node-1.13-v20191213",
            "image_owner_alias": "amazon",
            "image_type": "machine",
            "kernel_id": null,
            "most_recent": true,
            "name": "amazon-eks-node-1.13-v20191213",
            "name_regex": null,
            "owner_id": "602401143452",
            "owners": [
              "602401143452"
            ],
            "platform": null,
            "product_codes": [],
            "public": true,
            "ramdisk_id": null,
            "root_device_name": "/dev/xvda",
            "root_device_type": "ebs",
            "root_snapshot_id": "snap-0fee479720be8523e",
            "sriov_net_support": "simple",
            "state": "available",
            "state_reason": {
              "code": "UNSET",
              "message": "UNSET"
            },
            "tags": {},
            "virtualization_type": "hvm"
          }
        }
      ]
    },
    {
      "module": "module.eks",
      "mode": "data",
      "type": "aws_security_group",
      "name": "bastion",
      "provider": "module.eks.provider.aws",
      "instances": [
        {
          "schema_version": 0,
          "attributes": {
            "arn": "arn:aws:ec2:us-east-1:389079568269:security-group/sg-06c375366afdc6126",
            "description": "Security group which is to allow SSH from Bastion",
            "filter": null,
            "id": "sg-06c375366afdc6126",
            "name": "ssh-sg-20200106074147464500000006",
            "tags": {
              "Name": "ssh-sg"
            },
            "vpc_id": "vpc-0498e2682bd4bbf55"
          }
        }
      ]
    },
    {
      "module": "module.eks",
      "mode": "data",
      "type": "aws_security_group",
      "name": "cluster",
      "provider": "module.eks.provider.aws",
      "instances": [
        {
          "schema_version": 0,
          "attributes": {
            "arn": "arn:aws:ec2:us-east-1:389079568269:security-group/sg-0d3736c38882ecf6d",
            "description": "EKS node security groups",
            "filter": null,
            "id": "sg-0d3736c38882ecf6d",
            "name": "cluster-sg-20200106074147467400000008",
            "tags": {
              "Name": "cluster-sg"
            },
            "vpc_id": "vpc-0498e2682bd4bbf55"
          }
        }
      ]
    },
    {
      "module": "module.eks",
      "mode": "data",
      "type": "aws_security_group",
      "name": "node",
      "provider": "module.eks.provider.aws",
      "instances": [
        {
          "schema_version": 0,
          "attributes": {
            "arn": "arn:aws:ec2:us-east-1:389079568269:security-group/sg-0ea8b09599b200293",
            "description": "EKS node security groups",
            "filter": null,
            "id": "sg-0ea8b09599b200293",
            "name": "node-sg-20200106074147465000000007",
            "tags": {
              "Name": "node-sg",
              "kubernetes.io/cluster/eks-cluster": "owned"
            },
            "vpc_id": "vpc-0498e2682bd4bbf55"
          }
        }
      ]
    },
    {
      "module": "module.eks",
      "mode": "data",
      "type": "aws_subnet_ids",
      "name": "private",
      "provider": "module.eks.provider.aws",
      "instances": [
        {
          "schema_version": 0,
          "attributes": {
            "filter": null,
            "id": "vpc-0498e2682bd4bbf55",
            "ids": [
              "subnet-01d87423868b6f11f",
              "subnet-096376f29295ebffa"
            ],
            "tags": {
              "Name": "eks-cluster-eks-private"
            },
            "vpc_id": "vpc-0498e2682bd4bbf55"
          }
        }
      ]
    },
    {
      "module": "module.eks",
      "mode": "data",
      "type": "aws_subnet_ids",
      "name": "public",
      "provider": "module.eks.provider.aws",
      "instances": [
        {
          "schema_version": 0,
          "attributes": {
            "filter": null,
            "id": "vpc-0498e2682bd4bbf55",
            "ids": [
              "subnet-00c1ec00dd30be463",
              "subnet-04eb9b55f0c6ebf90",
              "subnet-0ba757d2683c193a9"
            ],
            "tags": {
              "Name": "eks-cluster-eks-public"
            },
            "vpc_id": "vpc-0498e2682bd4bbf55"
          }
        }
      ]
    },
    {
      "module": "module.eks",
      "mode": "data",
      "type": "aws_vpc",
      "name": "eks",
      "provider": "module.eks.provider.aws",
      "instances": [
        {
          "schema_version": 0,
          "attributes": {
            "arn": "arn:aws:ec2:us-east-1:389079568269:vpc/vpc-0498e2682bd4bbf55",
            "cidr_block": "10.0.0.0/16",
            "cidr_block_associations": [
              {
                "association_id": "vpc-cidr-assoc-0cd09c4cb0358de30",
                "cidr_block": "10.0.0.0/16",
                "state": "associated"
              }
            ],
            "default": false,
            "dhcp_options_id": "dopt-39925343",
            "enable_dns_hostnames": true,
            "enable_dns_support": true,
            "filter": null,
            "id": "vpc-0498e2682bd4bbf55",
            "instance_tenancy": "default",
            "ipv6_association_id": null,
            "ipv6_cidr_block": null,
            "main_route_table_id": "rtb-00d819797f46a3507",
            "owner_id": "389079568269",
            "state": "available",
            "tags": {
              "Name": "eks-cluster-vpc",
              "kubernetes.io/cluster/eks-cluster": "shared"
            }
          }
        }
      ]
    },
    {
      "module": "module.eks.module.vpc",
      "mode": "data",
      "type": "aws_vpc_endpoint_service",
      "name": "apigw",
      "each": "list",
      "provider": "module.eks.provider.aws",
      "instances": []
    },
    {
      "module": "module.eks.module.vpc",
      "mode": "data",
      "type": "aws_vpc_endpoint_service",
      "name": "cloudtrail",
      "each": "list",
      "provider": "module.eks.provider.aws",
      "instances": []
    },
    {
      "module": "module.eks.module.vpc",
      "mode": "data",
      "type": "aws_vpc_endpoint_service",
      "name": "dynamodb",
      "each": "list",
      "provider": "module.eks.provider.aws",
      "instances": []
    },
    {
      "module": "module.eks.module.vpc",
      "mode": "data",
      "type": "aws_vpc_endpoint_service",
      "name": "ec2",
      "each": "list",
      "provider": "module.eks.provider.aws",
      "instances": []
    },
    {
      "module": "module.eks.module.vpc",
      "mode": "data",
      "type": "aws_vpc_endpoint_service",
      "name": "ec2messages",
      "each": "list",
      "provider": "module.eks.provider.aws",
      "instances": []
    },
    {
      "module": "module.eks.module.vpc",
      "mode": "data",
      "type": "aws_vpc_endpoint_service",
      "name": "ecr_api",
      "each": "list",
      "provider": "module.eks.provider.aws",
      "instances": []
    },
    {
      "module": "module.eks.module.vpc",
      "mode": "data",
      "type": "aws_vpc_endpoint_service",
      "name": "ecr_dkr",
      "each": "list",
      "provider": "module.eks.provider.aws",
      "instances": []
    },
    {
      "module": "module.eks.module.vpc",
      "mode": "data",
      "type": "aws_vpc_endpoint_service",
      "name": "ecs",
      "each": "list",
      "provider": "module.eks.provider.aws",
      "instances": []
    },
    {
      "module": "module.eks.module.vpc",
      "mode": "data",
      "type": "aws_vpc_endpoint_service",
      "name": "ecs_agent",
      "each": "list",
      "provider": "module.eks.provider.aws",
      "instances": []
    },
    {
      "module": "module.eks.module.vpc",
      "mode": "data",
      "type": "aws_vpc_endpoint_service",
      "name": "ecs_telemetry",
      "each": "list",
      "provider": "module.eks.provider.aws",
      "instances": []
    },
    {
      "module": "module.eks.module.vpc",
      "mode": "data",
      "type": "aws_vpc_endpoint_service",
      "name": "elasticloadbalancing",
      "each": "list",
      "provider": "module.eks.provider.aws",
      "instances": []
    },
    {
      "module": "module.eks.module.vpc",
      "mode": "data",
      "type": "aws_vpc_endpoint_service",
      "name": "events",
      "each": "list",
      "provider": "module.eks.provider.aws",
      "instances": []
    },
    {
      "module": "module.eks.module.vpc",
      "mode": "data",
      "type": "aws_vpc_endpoint_service",
      "name": "kms",
      "each": "list",
      "provider": "module.eks.provider.aws",
      "instances": []
    },
    {
      "module": "module.eks.module.vpc",
      "mode": "data",
      "type": "aws_vpc_endpoint_service",
      "name": "logs",
      "each": "list",
      "provider": "module.eks.provider.aws",
      "instances": []
    },
    {
      "module": "module.eks.module.vpc",
      "mode": "data",
      "type": "aws_vpc_endpoint_service",
      "name": "monitoring",
      "each": "list",
      "provider": "module.eks.provider.aws",
      "instances": []
    },
    {
      "module": "module.eks.module.vpc",
      "mode": "data",
      "type": "aws_vpc_endpoint_service",
      "name": "s3",
      "each": "list",
      "provider": "module.eks.provider.aws",
      "instances": []
    },
    {
      "module": "module.eks.module.vpc",
      "mode": "data",
      "type": "aws_vpc_endpoint_service",
      "name": "sns",
      "each": "list",
      "provider": "module.eks.provider.aws",
      "instances": []
    },
    {
      "module": "module.eks.module.vpc",
      "mode": "data",
      "type": "aws_vpc_endpoint_service",
      "name": "sqs",
      "each": "list",
      "provider": "module.eks.provider.aws",
      "instances": []
    },
    {
      "module": "module.eks.module.vpc",
      "mode": "data",
      "type": "aws_vpc_endpoint_service",
      "name": "ssm",
      "each": "list",
      "provider": "module.eks.provider.aws",
      "instances": []
    },
    {
      "module": "module.eks.module.vpc",
      "mode": "data",
      "type": "aws_vpc_endpoint_service",
      "name": "ssmmessages",
      "each": "list",
      "provider": "module.eks.provider.aws",
      "instances": []
    },
    {
      "module": "module.eks",
      "mode": "data",
      "type": "http",
      "name": "workstation-external-ip",
      "provider": "module.eks.provider.http",
      "instances": [
        {
          "schema_version": 0,
          "attributes": {
            "body": "18.216.208.234\n",
            "id": "2020-01-06 07:41:34.369599213 +0000 UTC",
            "request_headers": null,
            "url": "http://icanhazip.com"
          }
        }
      ]
    },
    {
      "module": "module.eks.module.bastion-asg",
      "mode": "managed",
      "type": "aws_autoscaling_group",
      "name": "this",
      "each": "list",
      "provider": "module.eks.provider.aws",
      "instances": [
        {
          "index_key": 0,
          "schema_version": 0,
          "attributes": {
            "arn": "arn:aws:autoscaling:us-east-1:389079568269:autoScalingGroup:63a6ffad-6edf-4f1c-89a7-6830ac08800a:autoScalingGroupName/eks-cluster-bastion-tough-beagle-2020010607415103430000000a",
            "availability_zones": [
              "us-east-1a",
              "us-east-1b",
              "us-east-1c"
            ],
            "default_cooldown": 300,
            "desired_capacity": 1,
            "enabled_metrics": [
              "GroupDesiredCapacity",
              "GroupInServiceInstances",
              "GroupMaxSize",
              "GroupMinSize",
              "GroupPendingInstances",
              "GroupStandbyInstances",
              "GroupTerminatingInstances",
              "GroupTotalInstances"
            ],
            "force_delete": false,
            "health_check_grace_period": 300,
            "health_check_type": "EC2",
            "id": "eks-cluster-bastion-tough-beagle-2020010607415103430000000a",
            "initial_lifecycle_hook": [],
            "launch_configuration": "eks-cluster-bastion-lc-20200106074149561600000009",
            "launch_template": [],
            "load_balancers": [],
            "max_instance_lifetime": 0,
            "max_size": 1,
            "metrics_granularity": "1Minute",
            "min_elb_capacity": 0,
            "min_size": 1,
            "mixed_instances_policy": [],
            "name": "eks-cluster-bastion-tough-beagle-2020010607415103430000000a",
            "name_prefix": "eks-cluster-bastion-tough-beagle-",
            "placement_group": "",
            "protect_from_scale_in": false,
            "service_linked_role_arn": "arn:aws:iam::389079568269:role/aws-service-role/autoscaling.amazonaws.com/AWSServiceRoleForAutoScaling",
            "suspended_processes": null,
            "tag": [],
            "tags": [
              {
                "key": "Name",
                "propagate_at_launch": "true",
                "value": "eks-cluster-bastion"
              },
              {
                "key": "kubernetes.io/cluster/eks-cluster",
                "propagate_at_launch": "true",
                "value": "owned"
              }
            ],
            "target_group_arns": [],
            "termination_policies": [
              "Default"
            ],
            "timeouts": null,
            "vpc_zone_identifier": [
              "subnet-00c1ec00dd30be463",
              "subnet-04eb9b55f0c6ebf90",
              "subnet-0ba757d2683c193a9"
            ],
            "wait_for_capacity_timeout": "0",
            "wait_for_elb_capacity": null
          },
          "private": "eyJlMmJmYjczMC1lY2FhLTExZTYtOGY4OC0zNDM2M2JjN2M0YzAiOnsiZGVsZXRlIjo2MDAwMDAwMDAwMDB9fQ==",
          "dependencies": [
            "module.eks.aws_key_pair.deployer",
            "module.eks.module.bastion-asg.aws_launch_configuration.this",
            "module.eks.module.bastion-asg.null_resource.tags_as_list_of_maps",
            "module.eks.module.bastion-asg.random_pet.asg_name",
            "module.eks.module.ssh_sg.aws_security_group.this",
            "module.eks.module.ssh_sg.aws_security_group.this_name_prefix",
            "module.eks.module.vpc.aws_vpc.this"
          ]
        }
      ]
    },
    {
      "module": "module.eks.module.public-eks-nodes-asg",
      "mode": "managed",
      "type": "aws_autoscaling_group",
      "name": "this",
      "each": "list",
      "provider": "module.eks.provider.aws",
      "instances": [
        {
          "index_key": 0,
          "schema_version": 0,
          "attributes": {
            "arn": "arn:aws:autoscaling:us-east-1:389079568269:autoScalingGroup:6d7b9b45-8b9f-40ca-8122-c7394117c24d:autoScalingGroupName/eks-cluster-node-public-renewing-jackal-2020010607524857720000000d",
            "availability_zones": [
              "us-east-1a",
              "us-east-1b",
              "us-east-1c"
            ],
            "default_cooldown": 300,
            "desired_capacity": 1,
            "enabled_metrics": [
              "GroupDesiredCapacity",
              "GroupInServiceInstances",
              "GroupMaxSize",
              "GroupMinSize",
              "GroupPendingInstances",
              "GroupStandbyInstances",
              "GroupTerminatingInstances",
              "GroupTotalInstances"
            ],
            "force_delete": false,
            "health_check_grace_period": 300,
            "health_check_type": "EC2",
            "id": "eks-cluster-node-public-renewing-jackal-2020010607524857720000000d",
            "initial_lifecycle_hook": [],
            "launch_configuration": "eks-cluster-node-public-lc-2020010607524800970000000b",
            "launch_template": [],
            "load_balancers": [],
            "max_instance_lifetime": 0,
            "max_size": 1,
            "metrics_granularity": "1Minute",
            "min_elb_capacity": 0,
            "min_size": 1,
            "mixed_instances_policy": [],
            "name": "eks-cluster-node-public-renewing-jackal-2020010607524857720000000d",
            "name_prefix": "eks-cluster-node-public-renewing-jackal-",
            "placement_group": "",
            "protect_from_scale_in": false,
            "service_linked_role_arn": "arn:aws:iam::389079568269:role/aws-service-role/autoscaling.amazonaws.com/AWSServiceRoleForAutoScaling",
            "suspended_processes": null,
            "tag": [],
            "tags": [
              {
                "key": "Name",
                "propagate_at_launch": "true",
                "value": "public-eks-nodes-asg"
              },
              {
                "key": "kubernetes.io/cluster/eks-cluster",
                "propagate_at_launch": "true",
                "value": "owned"
              }
            ],
            "target_group_arns": [],
            "termination_policies": [
              "Default"
            ],
            "timeouts": null,
            "vpc_zone_identifier": [
              "subnet-00c1ec00dd30be463",
              "subnet-04eb9b55f0c6ebf90",
              "subnet-0ba757d2683c193a9"
            ],
            "wait_for_capacity_timeout": "0",
            "wait_for_elb_capacity": null
          },
          "private": "eyJlMmJmYjczMC1lY2FhLTExZTYtOGY4OC0zNDM2M2JjN2M0YzAiOnsiZGVsZXRlIjo2MDAwMDAwMDAwMDB9fQ==",
          "dependencies": [
            "module.eks.aws_eks_cluster.eks",
            "module.eks.aws_iam_instance_profile.node",
            "module.eks.aws_iam_role.cluster",
            "module.eks.aws_iam_role.node",
            "module.eks.aws_iam_role_policy_attachment.cluster-AmazonEKSClusterPolicy",
            "module.eks.aws_iam_role_policy_attachment.cluster-AmazonEKSServicePolicy",
            "module.eks.aws_key_pair.deployer",
            "module.eks.module.cluster-sg.aws_security_group.this",
            "module.eks.module.cluster-sg.aws_security_group.this_name_prefix",
            "module.eks.module.node-sg.aws_security_group.this",
            "module.eks.module.node-sg.aws_security_group.this_name_prefix",
            "module.eks.module.public-eks-nodes-asg.aws_launch_configuration.this",
            "module.eks.module.public-eks-nodes-asg.null_resource.tags_as_list_of_maps",
            "module.eks.module.public-eks-nodes-asg.random_pet.asg_name",
            "module.eks.module.vpc.aws_vpc.this"
          ]
        }
      ]
    },
    {
      "module": "module.eks.module.eks-nodes-asg",
      "mode": "managed",
      "type": "aws_autoscaling_group",
      "name": "this",
      "each": "list",
      "provider": "module.eks.provider.aws",
      "instances": [
        {
          "index_key": 0,
          "schema_version": 0,
          "attributes": {
            "arn": "arn:aws:autoscaling:us-east-1:389079568269:autoScalingGroup:9dfcd11f-0b5b-40ed-919d-e65df02bedd2:autoScalingGroupName/eks-cluster-node-neat-moth-2020010607524922940000000e",
            "availability_zones": [
              "us-east-1a",
              "us-east-1b"
            ],
            "default_cooldown": 300,
            "desired_capacity": 2,
            "enabled_metrics": [
              "GroupDesiredCapacity",
              "GroupInServiceInstances",
              "GroupMaxSize",
              "GroupMinSize",
              "GroupPendingInstances",
              "GroupStandbyInstances",
              "GroupTerminatingInstances",
              "GroupTotalInstances"
            ],
            "force_delete": false,
            "health_check_grace_period": 300,
            "health_check_type": "EC2",
            "id": "eks-cluster-node-neat-moth-2020010607524922940000000e",
            "initial_lifecycle_hook": [],
            "launch_configuration": "eks-cluster-node-lc-2020010607524801870000000c",
            "launch_template": [],
            "load_balancers": [],
            "max_instance_lifetime": 0,
            "max_size": 5,
            "metrics_granularity": "1Minute",
            "min_elb_capacity": 0,
            "min_size": 1,
            "mixed_instances_policy": [],
            "name": "eks-cluster-node-neat-moth-2020010607524922940000000e",
            "name_prefix": "eks-cluster-node-neat-moth-",
            "placement_group": "",
            "protect_from_scale_in": false,
            "service_linked_role_arn": "arn:aws:iam::389079568269:role/aws-service-role/autoscaling.amazonaws.com/AWSServiceRoleForAutoScaling",
            "suspended_processes": null,
            "tag": [],
            "tags": [
              {
                "key": "Name",
                "propagate_at_launch": "true",
                "value": "eks-cluster-eks-nodes"
              },
              {
                "key": "kubernetes.io/cluster/eks-cluster",
                "propagate_at_launch": "true",
                "value": "owned"
              }
            ],
            "target_group_arns": [],
            "termination_policies": [
              "Default"
            ],
            "timeouts": null,
            "vpc_zone_identifier": [
              "subnet-01d87423868b6f11f",
              "subnet-096376f29295ebffa"
            ],
            "wait_for_capacity_timeout": "0",
            "wait_for_elb_capacity": null
          },
          "private": "eyJlMmJmYjczMC1lY2FhLTExZTYtOGY4OC0zNDM2M2JjN2M0YzAiOnsiZGVsZXRlIjo2MDAwMDAwMDAwMDB9fQ==",
          "dependencies": [
            "module.eks.aws_eks_cluster.eks",
            "module.eks.aws_iam_instance_profile.node",
            "module.eks.aws_iam_role.cluster",
            "module.eks.aws_iam_role.node",
            "module.eks.aws_iam_role_policy_attachment.cluster-AmazonEKSClusterPolicy",
            "module.eks.aws_iam_role_policy_attachment.cluster-AmazonEKSServicePolicy",
            "module.eks.aws_key_pair.deployer",
            "module.eks.module.cluster-sg.aws_security_group.this",
            "module.eks.module.cluster-sg.aws_security_group.this_name_prefix",
            "module.eks.module.eks-nodes-asg.aws_launch_configuration.this",
            "module.eks.module.eks-nodes-asg.null_resource.tags_as_list_of_maps",
            "module.eks.module.eks-nodes-asg.random_pet.asg_name",
            "module.eks.module.node-sg.aws_security_group.this",
            "module.eks.module.node-sg.aws_security_group.this_name_prefix",
            "module.eks.module.vpc.aws_vpc.this"
          ]
        }
      ]
    },
    {
      "module": "module.eks.module.bastion-asg",
      "mode": "managed",
      "type": "aws_autoscaling_group",
      "name": "this_with_initial_lifecycle_hook",
      "each": "list",
      "provider": "module.eks.provider.aws",
      "instances": []
    },
    {
      "module": "module.eks.module.public-eks-nodes-asg",
      "mode": "managed",
      "type": "aws_autoscaling_group",
      "name": "this_with_initial_lifecycle_hook",
      "each": "list",
      "provider": "module.eks.provider.aws",
      "instances": []
    },
    {
      "module": "module.eks.module.eks-nodes-asg",
      "mode": "managed",
      "type": "aws_autoscaling_group",
      "name": "this_with_initial_lifecycle_hook",
      "each": "list",
      "provider": "module.eks.provider.aws",
      "instances": []
    },
    {
      "module": "module.eks.module.vpc",
      "mode": "managed",
      "type": "aws_db_subnet_group",
      "name": "database",
      "each": "list",
      "provider": "module.eks.provider.aws",
      "instances": [
        {
          "index_key": 0,
          "schema_version": 0,
          "attributes": {
            "arn": "arn:aws:rds:us-east-1:389079568269:subgrp:eks-vpc",
            "description": "Database subnet group for eks-vpc",
            "id": "eks-vpc",
            "name": "eks-vpc",
            "name_prefix": null,
            "subnet_ids": [
              "subnet-02648e6715627a402",
              "subnet-02d7b16ea47e3e773",
              "subnet-0bfd0f6c65a7e945e"
            ],
            "tags": {
              "Name": "eks-cluster-vpc",
              "kubernetes.io/cluster/eks-cluster": "shared"
            }
          },
          "private": "bnVsbA==",
          "dependencies": [
            "module.eks.module.vpc.aws_subnet.database",
            "module.eks.module.vpc.aws_vpc.this",
            "module.eks.module.vpc.aws_vpc_ipv4_cidr_block_association.this"
          ]
        }
      ]
    },
    {
      "module": "module.eks.module.vpc",
      "mode": "managed",
      "type": "aws_default_network_acl",
      "name": "this",
      "each": "list",
      "provider": "module.eks.provider.aws",
      "instances": []
    },
    {
      "module": "module.eks.module.vpc",
      "mode": "managed",
      "type": "aws_default_vpc",
      "name": "this",
      "each": "list",
      "provider": "module.eks.provider.aws",
      "instances": []
    },
    {
      "module": "module.eks.module.vpc",
      "mode": "managed",
      "type": "aws_eip",
      "name": "nat",
      "each": "list",
      "provider": "module.eks.provider.aws",
      "instances": [
        {
          "index_key": 0,
          "schema_version": 0,
          "attributes": {
            "allocation_id": null,
            "associate_with_private_ip": null,
            "association_id": "",
            "domain": "vpc",
            "id": "eipalloc-09acfba1d24583ece",
            "instance": "",
            "network_interface": "",
            "private_dns": null,
            "private_ip": "",
            "public_dns": "ec2-18-215-89-219.compute-1.amazonaws.com",
            "public_ip": "18.215.89.219",
            "public_ipv4_pool": "amazon",
            "tags": {
              "Name": "eks-cluster-vpc",
              "kubernetes.io/cluster/eks-cluster": "shared"
            },
            "timeouts": null,
            "vpc": true
          },
          "private": "eyJlMmJmYjczMC1lY2FhLTExZTYtOGY4OC0zNDM2M2JjN2M0YzAiOnsiZGVsZXRlIjoxODAwMDAwMDAwMDAsInJlYWQiOjkwMDAwMDAwMDAwMCwidXBkYXRlIjozMDAwMDAwMDAwMDB9fQ=="
        },
        {
          "index_key": 1,
          "schema_version": 0,
          "attributes": {
            "allocation_id": null,
            "associate_with_private_ip": null,
            "association_id": "",
            "domain": "vpc",
            "id": "eipalloc-042f9705ce270963b",
            "instance": "",
            "network_interface": "",
            "private_dns": null,
            "private_ip": "",
            "public_dns": "ec2-52-45-197-161.compute-1.amazonaws.com",
            "public_ip": "52.45.197.161",
            "public_ipv4_pool": "amazon",
            "tags": {
              "Name": "eks-cluster-vpc",
              "kubernetes.io/cluster/eks-cluster": "shared"
            },
            "timeouts": null,
            "vpc": true
          },
          "private": "eyJlMmJmYjczMC1lY2FhLTExZTYtOGY4OC0zNDM2M2JjN2M0YzAiOnsiZGVsZXRlIjoxODAwMDAwMDAwMDAsInJlYWQiOjkwMDAwMDAwMDAwMCwidXBkYXRlIjozMDAwMDAwMDAwMDB9fQ=="
        },
        {
          "index_key": 2,
          "schema_version": 0,
          "attributes": {
            "allocation_id": null,
            "associate_with_private_ip": null,
            "association_id": "",
            "domain": "vpc",
            "id": "eipalloc-02cf98ebda95c343e",
            "instance": "",
            "network_interface": "",
            "private_dns": null,
            "private_ip": "",
            "public_dns": "ec2-34-197-239-102.compute-1.amazonaws.com",
            "public_ip": "34.197.239.102",
            "public_ipv4_pool": "amazon",
            "tags": {
              "Name": "eks-cluster-vpc",
              "kubernetes.io/cluster/eks-cluster": "shared"
            },
            "timeouts": null,
            "vpc": true
          },
          "private": "eyJlMmJmYjczMC1lY2FhLTExZTYtOGY4OC0zNDM2M2JjN2M0YzAiOnsiZGVsZXRlIjoxODAwMDAwMDAwMDAsInJlYWQiOjkwMDAwMDAwMDAwMCwidXBkYXRlIjozMDAwMDAwMDAwMDB9fQ=="
        }
      ]
    },
    {
      "module": "module.eks",
      "mode": "managed",
      "type": "aws_eks_cluster",
      "name": "eks",
      "provider": "module.eks.provider.aws",
      "instances": [
        {
          "schema_version": 0,
          "attributes": {
            "arn": "arn:aws:eks:us-east-1:389079568269:cluster/eks-cluster",
            "certificate_authority": [
              {
                "data": "LS0tLS1CRUdJTiBDRVJUSUZJQ0FURS0tLS0tCk1JSUN5RENDQWJDZ0F3SUJBZ0lCQURBTkJna3Foa2lHOXcwQkFRc0ZBREFWTVJNd0VRWURWUVFERXdwcmRXSmwKY201bGRHVnpNQjRYRFRJd01ERXdOakEzTkRreU5Gb1hEVE13TURFd016QTNORGt5TkZvd0ZURVRNQkVHQTFVRQpBeE1LYTNWaVpYSnVaWFJsY3pDQ0FTSXdEUVlKS29aSWh2Y05BUUVCQlFBRGdnRVBBRENDQVFvQ2dnRUJBTEVFCjZXL0NXMkJUT293eUVvYW51VDRueVdxb1h3c2xGMUw3MXE5dEdUS3JNY1pybTRwaGpPM28zeXN5RlhEbzlTaUEKblRsa0VGek1jK1BNb0hQR25HTTNKL2ZMN2hqWENqOXFVdW9VKzdVQmxkSzJsVW0wY01kUzUwRkQ4Ri96WHhTegpVRjRQcXc2U3JnTkZqNVMwelNaQnpueDd6T1lpdVZFOGJlMS91MVB0MjY2RVhTWmo1bldDbzhIN3FWdjF1KzcxCnRYdjFuTXpSS1o4WDEranBlbVYvSWpxcWVGdW5RZlNkcTRyNk00SkZ4Ty9XWTd5Qk1WSzBLMWZORnZEOHlQN0IKS3BwTHhxV0hXbENDZUNrdmdJNzdmOFFQdWFhc0JwUVdTOXVYakx6bVZLMjlCLzJ5ODFNa21mR1MxT1pUQmZPdQpGS2NFaUR0aHMrYVBUM2lWTXlzQ0F3RUFBYU1qTUNFd0RnWURWUjBQQVFIL0JBUURBZ0trTUE4R0ExVWRFd0VCCi93UUZNQU1CQWY4d0RRWUpLb1pJaHZjTkFRRUxCUUFEZ2dFQkFEeTFaYjd4N1gwWjVwUGNRKzdnTXBiZVRNelEKVjBvbzBtUEZycm91VVhXWFdObUswOVpHV3QzM2RobEloYlljUXMxU3ZuRWcvVnEzQ04wVmRYMkhCcGtKK2lZegpySCs0RnRoRGkvODZ1cWlydU05eFRZanJqQ3AxaStLZ3d6MU1wN0hTVERtMy9ocHFMbGZKNnF6Y1JILzJVRDFMCnMxQkZlZ0Jud1hML3RzMlliYzRtRTR0Y3pmdEovM2dsYzdJNm9mY2dpNzlucHEzbzNqb0FYNEdPMU15MW5wK0oKM0tNSU9FRGFndnFMcVBUbzdzbWNlclNJTVdxdGs4YnVJbU1ONmd5YzRoQ3ViNGkwRXYxOTFaNFN0MjZlYUlNWgpVcjhTZXNqeUpqdGNBZDlSUGhNRWdNY0ticDhPZ005M01FelAwdXZPNnVmUGpna2UrS3JRTmdrRkhSOD0KLS0tLS1FTkQgQ0VSVElGSUNBVEUtLS0tLQo="
              }
            ],
            "created_at": "2020-01-06 07:41:53 +0000 UTC",
            "enabled_cluster_log_types": [
              "api",
              "audit",
              "authenticator",
              "controllerManager",
              "scheduler"
            ],
            "endpoint": "https://F35979EE5269D45B8D1AC613CEF67E2F.gr7.us-east-1.eks.amazonaws.com",
            "id": "eks-cluster",
            "identity": [
              {
                "oidc": [
                  {
                    "issuer": "https://oidc.eks.us-east-1.amazonaws.com/id/F35979EE5269D45B8D1AC613CEF67E2F"
                  }
                ]
              }
            ],
            "name": "eks-cluster",
            "platform_version": "eks.7",
            "role_arn": "arn:aws:iam::389079568269:role/eks-cluster-eks-cluster-role",
            "status": "ACTIVE",
            "tags": null,
            "timeouts": null,
            "version": "1.13",
            "vpc_config": [
              {
                "cluster_security_group_id": "",
                "endpoint_private_access": false,
                "endpoint_public_access": true,
                "security_group_ids": [
                  "sg-0d3736c38882ecf6d"
                ],
                "subnet_ids": [
                  "subnet-01d87423868b6f11f",
                  "subnet-096376f29295ebffa"
                ],
                "vpc_id": "vpc-0498e2682bd4bbf55"
              }
            ]
          },
          "private": "eyJlMmJmYjczMC1lY2FhLTExZTYtOGY4OC0zNDM2M2JjN2M0YzAiOnsiY3JlYXRlIjoxODAwMDAwMDAwMDAwLCJkZWxldGUiOjkwMDAwMDAwMDAwMCwidXBkYXRlIjozNjAwMDAwMDAwMDAwfX0=",
          "dependencies": [
            "module.eks.aws_iam_role.cluster",
            "module.eks.aws_iam_role_policy_attachment.cluster-AmazonEKSClusterPolicy",
            "module.eks.aws_iam_role_policy_attachment.cluster-AmazonEKSServicePolicy",
            "module.eks.module.cluster-sg.aws_security_group.this",
            "module.eks.module.cluster-sg.aws_security_group.this_name_prefix",
            "module.eks.module.vpc.aws_vpc.this"
          ]
        }
      ]
    },
    {
      "module": "module.eks.module.vpc",
      "mode": "managed",
      "type": "aws_elasticache_subnet_group",
      "name": "elasticache",
      "each": "list",
      "provider": "module.eks.provider.aws",
      "instances": []
    },
    {
      "module": "module.eks",
      "mode": "managed",
      "type": "aws_iam_instance_profile",
      "name": "node",
      "provider": "module.eks.provider.aws",
      "instances": [
        {
          "schema_version": 0,
          "attributes": {
            "arn": "arn:aws:iam::389079568269:instance-profile/eks-cluster-eks-node-instance-profile",
            "create_date": "2020-01-06T07:41:45Z",
            "id": "eks-cluster-eks-node-instance-profile",
            "name": "eks-cluster-eks-node-instance-profile",
            "name_prefix": null,
            "path": "/",
            "role": "eks-cluster-eks-node-role",
            "roles": [],
            "unique_id": "AIPAVVFXTB6GXUALOP26K"
          },
          "private": "bnVsbA==",
          "dependencies": [
            "module.eks.aws_iam_role.node"
          ]
        }
      ]
    },
    {
      "module": "module.eks",
      "mode": "managed",
      "type": "aws_iam_role",
      "name": "cluster",
      "provider": "module.eks.provider.aws",
      "instances": [
        {
          "schema_version": 0,
          "attributes": {
            "arn": "arn:aws:iam::389079568269:role/eks-cluster-eks-cluster-role",
            "assume_role_policy": "{\"Version\":\"2012-10-17\",\"Statement\":[{\"Effect\":\"Allow\",\"Principal\":{\"Service\":\"eks.amazonaws.com\"},\"Action\":\"sts:AssumeRole\"}]}",
            "create_date": "2020-01-06T07:41:44Z",
            "description": "",
            "force_detach_policies": false,
            "id": "eks-cluster-eks-cluster-role",
            "max_session_duration": 3600,
            "name": "eks-cluster-eks-cluster-role",
            "name_prefix": null,
            "path": "/",
            "permissions_boundary": null,
            "tags": null,
            "unique_id": "AROAVVFXTB6G5QXKFFP3C"
          },
          "private": "bnVsbA=="
        }
      ]
    },
    {
      "module": "module.eks",
      "mode": "managed",
      "type": "aws_iam_role",
      "name": "node",
      "provider": "module.eks.provider.aws",
      "instances": [
        {
          "schema_version": 0,
          "attributes": {
            "arn": "arn:aws:iam::389079568269:role/eks-cluster-eks-node-role",
            "assume_role_policy": "{\"Version\":\"2012-10-17\",\"Statement\":[{\"Effect\":\"Allow\",\"Principal\":{\"Service\":\"ec2.amazonaws.com\"},\"Action\":\"sts:AssumeRole\"}]}",
            "create_date": "2020-01-06T07:41:44Z",
            "description": "",
            "force_detach_policies": false,
            "id": "eks-cluster-eks-node-role",
            "max_session_duration": 3600,
            "name": "eks-cluster-eks-node-role",
            "name_prefix": null,
            "path": "/",
            "permissions_boundary": null,
            "tags": null,
            "unique_id": "AROAVVFXTB6GURD6RAAYW"
          },
          "private": "bnVsbA=="
        }
      ]
    },
    {
      "module": "module.eks",
      "mode": "managed",
      "type": "aws_iam_role_policy_attachment",
      "name": "cluster-AmazonEKSClusterPolicy",
      "provider": "module.eks.provider.aws",
      "instances": [
        {
          "schema_version": 0,
          "attributes": {
            "id": "eks-cluster-eks-cluster-role-20200106074145184200000001",
            "policy_arn": "arn:aws:iam::aws:policy/AmazonEKSClusterPolicy",
            "role": "eks-cluster-eks-cluster-role"
          },
          "private": "bnVsbA==",
          "dependencies": [
            "module.eks.aws_iam_role.cluster"
          ]
        }
      ]
    },
    {
      "module": "module.eks",
      "mode": "managed",
      "type": "aws_iam_role_policy_attachment",
      "name": "cluster-AmazonEKSServicePolicy",
      "provider": "module.eks.provider.aws",
      "instances": [
        {
          "schema_version": 0,
          "attributes": {
            "id": "eks-cluster-eks-cluster-role-20200106074145204200000005",
            "policy_arn": "arn:aws:iam::aws:policy/AmazonEKSServicePolicy",
            "role": "eks-cluster-eks-cluster-role"
          },
          "private": "bnVsbA==",
          "dependencies": [
            "module.eks.aws_iam_role.cluster"
          ]
        }
      ]
    },
    {
      "module": "module.eks",
      "mode": "managed",
      "type": "aws_iam_role_policy_attachment",
      "name": "node-AmazonEC2ContainerRegistryReadOnly",
      "provider": "module.eks.provider.aws",
      "instances": [
        {
          "schema_version": 0,
          "attributes": {
            "id": "eks-cluster-eks-node-role-20200106074145187800000002",
            "policy_arn": "arn:aws:iam::aws:policy/AmazonEC2ContainerRegistryReadOnly",
            "role": "eks-cluster-eks-node-role"
          },
          "private": "bnVsbA==",
          "dependencies": [
            "module.eks.aws_iam_role.node"
          ]
        }
      ]
    },
    {
      "module": "module.eks",
      "mode": "managed",
      "type": "aws_iam_role_policy_attachment",
      "name": "node-AmazonEKSWorkerNodePolicy",
      "provider": "module.eks.provider.aws",
      "instances": [
        {
          "schema_version": 0,
          "attributes": {
            "id": "eks-cluster-eks-node-role-20200106074145190500000004",
            "policy_arn": "arn:aws:iam::aws:policy/AmazonEKSWorkerNodePolicy",
            "role": "eks-cluster-eks-node-role"
          },
          "private": "bnVsbA==",
          "dependencies": [
            "module.eks.aws_iam_role.node"
          ]
        }
      ]
    },
    {
      "module": "module.eks",
      "mode": "managed",
      "type": "aws_iam_role_policy_attachment",
      "name": "node-AmazonEKS_CNI_Policy",
      "provider": "module.eks.provider.aws",
      "instances": [
        {
          "schema_version": 0,
          "attributes": {
            "id": "eks-cluster-eks-node-role-20200106074145189600000003",
            "policy_arn": "arn:aws:iam::aws:policy/AmazonEKS_CNI_Policy",
            "role": "eks-cluster-eks-node-role"
          },
          "private": "bnVsbA==",
          "dependencies": [
            "module.eks.aws_iam_role.node"
          ]
        }
      ]
    },
    {
      "module": "module.eks.module.vpc",
      "mode": "managed",
      "type": "aws_internet_gateway",
      "name": "this",
      "each": "list",
      "provider": "module.eks.provider.aws",
      "instances": [
        {
          "index_key": 0,
          "schema_version": 0,
          "attributes": {
            "id": "igw-0f62740885fe613c4",
            "owner_id": "389079568269",
            "tags": {
              "Name": "eks-cluster-vpc",
              "kubernetes.io/cluster/eks-cluster": "shared"
            },
            "vpc_id": "vpc-0498e2682bd4bbf55"
          },
          "private": "bnVsbA==",
          "dependencies": [
            "module.eks.module.vpc.aws_vpc.this",
            "module.eks.module.vpc.aws_vpc_ipv4_cidr_block_association.this"
          ]
        }
      ]
    },
    {
      "module": "module.eks",
      "mode": "managed",
      "type": "aws_key_pair",
      "name": "deployer",
      "provider": "module.eks.provider.aws",
      "instances": [
        {
          "schema_version": 1,
          "attributes": {
            "fingerprint": "d7:ff:a6:63:18:64:9c:57:a1:ee:ca:a4:ad:c2:81:62",
            "id": "eks-cluster",
            "key_name": "eks-cluster",
            "key_name_prefix": null,
            "public_key": "ssh-rsa AAAAB3NzaC1yc2EAAAADAQABAAABAQD3F6tyPEFEzV0LX3X8BsXdMsQz1x2cEikKDEY0aIj41qgxMCP/iteneqXSIFZBp5vizPvaoIR3Um9xK7PGoW8giupGn+EPuxIA4cDM4vzOqOkiMPhz5XK0whEjkVzTo4+S0puvDZuwIsdiW9mxhJc7tgBNL0cYlWSYVkz4G/fslNfRPW5mYAM49f4fhtxPb5ok4Q2Lg9dPKVHO/Bgeu5woMc7RY0p1ej6D4CKFE6lymSDJpW0YHX/wqE9+cfEauh7xZcG0q9t2ta6F6fmX0agvpFyZo8aFbXeUBr7osSCJNgvavWbM/06niWrOvYX2xwWdhXmXSrbX8ZbabVohBK41 email@example.com"
          },
          "private": "eyJzY2hlbWFfdmVyc2lvbiI6IjEifQ=="
        }
      ]
    },
    {
      "module": "module.eks.module.bastion-asg",
      "mode": "managed",
      "type": "aws_launch_configuration",
      "name": "this",
      "each": "list",
      "provider": "module.eks.provider.aws",
      "instances": [
        {
          "index_key": 0,
          "schema_version": 0,
          "attributes": {
            "associate_public_ip_address": true,
            "ebs_block_device": [],
            "ebs_optimized": false,
            "enable_monitoring": true,
            "ephemeral_block_device": [],
            "iam_instance_profile": "",
            "id": "eks-cluster-bastion-lc-20200106074149561600000009",
            "image_id": "ami-00068cd7555f543d5",
            "instance_type": "t2.small",
            "key_name": "eks-cluster",
            "name": "eks-cluster-bastion-lc-20200106074149561600000009",
            "name_prefix": "eks-cluster-bastion-lc-",
            "placement_tenancy": "default",
            "root_block_device": [
              {
                "delete_on_termination": true,
                "encrypted": false,
                "iops": 0,
                "volume_size": 10,
                "volume_type": "gp2"
              }
            ],
            "security_groups": [
              "sg-06c375366afdc6126"
            ],
            "spot_price": "",
            "user_data": "b858cb282617fb0956d960215c8e84d1ccf909c6",
            "user_data_base64": null,
            "vpc_classic_link_id": "",
            "vpc_classic_link_security_groups": null
          },
          "private": "bnVsbA==",
          "dependencies": [
            "module.eks.aws_key_pair.deployer",
            "module.eks.module.ssh_sg.aws_security_group.this",
            "module.eks.module.ssh_sg.aws_security_group.this_name_prefix",
            "module.eks.module.vpc.aws_vpc.this"
          ]
        }
      ]
    },
    {
      "module": "module.eks.module.public-eks-nodes-asg",
      "mode": "managed",
      "type": "aws_launch_configuration",
      "name": "this",
      "each": "list",
      "provider": "module.eks.provider.aws",
      "instances": [
        {
          "index_key": 0,
          "schema_version": 0,
          "attributes": {
            "associate_public_ip_address": false,
            "ebs_block_device": [],
            "ebs_optimized": false,
            "enable_monitoring": true,
            "ephemeral_block_device": [],
            "iam_instance_profile": "eks-cluster-eks-node-instance-profile",
            "id": "eks-cluster-node-public-lc-2020010607524800970000000b",
            "image_id": "ami-002ee751a46c73abc",
            "instance_type": "m4.large",
            "key_name": "eks-cluster",
            "name": "eks-cluster-node-public-lc-2020010607524800970000000b",
            "name_prefix": "eks-cluster-node-public-lc-",
            "placement_tenancy": "default",
            "root_block_device": [
              {
                "delete_on_termination": true,
                "encrypted": false,
                "iops": 0,
                "volume_size": 20,
                "volume_type": "gp2"
              }
            ],
            "security_groups": [
              "sg-0ea8b09599b200293"
            ],
            "spot_price": "",
            "user_data": "f8eb36823b21191eda1b52c0ad0bdcbbaee65310",
            "user_data_base64": null,
            "vpc_classic_link_id": "",
            "vpc_classic_link_security_groups": null
          },
          "private": "bnVsbA==",
          "dependencies": [
            "module.eks.aws_eks_cluster.eks",
            "module.eks.aws_iam_instance_profile.node",
            "module.eks.aws_iam_role.cluster",
            "module.eks.aws_iam_role.node",
            "module.eks.aws_iam_role_policy_attachment.cluster-AmazonEKSClusterPolicy",
            "module.eks.aws_iam_role_policy_attachment.cluster-AmazonEKSServicePolicy",
            "module.eks.aws_key_pair.deployer",
            "module.eks.module.cluster-sg.aws_security_group.this",
            "module.eks.module.cluster-sg.aws_security_group.this_name_prefix",
            "module.eks.module.node-sg.aws_security_group.this",
            "module.eks.module.node-sg.aws_security_group.this_name_prefix",
            "module.eks.module.vpc.aws_vpc.this"
          ]
        }
      ]
    },
    {
      "module": "module.eks.module.eks-nodes-asg",
      "mode": "managed",
      "type": "aws_launch_configuration",
      "name": "this",
      "each": "list",
      "provider": "module.eks.provider.aws",
      "instances": [
        {
          "index_key": 0,
          "schema_version": 0,
          "attributes": {
            "associate_public_ip_address": false,
            "ebs_block_device": [],
            "ebs_optimized": false,
            "enable_monitoring": true,
            "ephemeral_block_device": [],
            "iam_instance_profile": "eks-cluster-eks-node-instance-profile",
            "id": "eks-cluster-node-lc-2020010607524801870000000c",
            "image_id": "ami-002ee751a46c73abc",
            "instance_type": "m4.large",
            "key_name": "eks-cluster",
            "name": "eks-cluster-node-lc-2020010607524801870000000c",
            "name_prefix": "eks-cluster-node-lc-",
            "placement_tenancy": "default",
            "root_block_device": [
              {
                "delete_on_termination": true,
                "encrypted": false,
                "iops": 0,
                "volume_size": 20,
                "volume_type": "gp2"
              }
            ],
            "security_groups": [
              "sg-0ea8b09599b200293"
            ],
            "spot_price": "",
            "user_data": "f8eb36823b21191eda1b52c0ad0bdcbbaee65310",
            "user_data_base64": null,
            "vpc_classic_link_id": "",
            "vpc_classic_link_security_groups": null
          },
          "private": "bnVsbA==",
          "dependencies": [
            "module.eks.aws_eks_cluster.eks",
            "module.eks.aws_iam_instance_profile.node",
            "module.eks.aws_iam_role.cluster",
            "module.eks.aws_iam_role.node",
            "module.eks.aws_iam_role_policy_attachment.cluster-AmazonEKSClusterPolicy",
            "module.eks.aws_iam_role_policy_attachment.cluster-AmazonEKSServicePolicy",
            "module.eks.aws_key_pair.deployer",
            "module.eks.module.cluster-sg.aws_security_group.this",
            "module.eks.module.cluster-sg.aws_security_group.this_name_prefix",
            "module.eks.module.node-sg.aws_security_group.this",
            "module.eks.module.node-sg.aws_security_group.this_name_prefix",
            "module.eks.module.vpc.aws_vpc.this"
          ]
        }
      ]
    },
    {
      "module": "module.eks.module.vpc",
      "mode": "managed",
      "type": "aws_nat_gateway",
      "name": "this",
      "each": "list",
      "provider": "module.eks.provider.aws",
      "instances": [
        {
          "index_key": 0,
          "schema_version": 0,
          "attributes": {
            "allocation_id": "eipalloc-09acfba1d24583ece",
            "id": "nat-051a00017522102c9",
            "network_interface_id": "eni-0f879b914f7072f76",
            "private_ip": "10.0.132.83",
            "public_ip": "18.215.89.219",
            "subnet_id": "subnet-04eb9b55f0c6ebf90",
            "tags": {
              "Name": "eks-cluster-vpc",
              "kubernetes.io/cluster/eks-cluster": "shared"
            }
          },
          "private": "bnVsbA==",
          "dependencies": [
            "module.eks.module.vpc.aws_eip.nat",
            "module.eks.module.vpc.aws_internet_gateway.this",
            "module.eks.module.vpc.aws_subnet.public",
            "module.eks.module.vpc.aws_vpc.this",
            "module.eks.module.vpc.aws_vpc_ipv4_cidr_block_association.this"
          ]
        },
        {
          "index_key": 1,
          "schema_version": 0,
          "attributes": {
            "allocation_id": "eipalloc-042f9705ce270963b",
            "id": "nat-05f5cd6b587512a39",
            "network_interface_id": "eni-0cd3fda2fc0e75bb4",
            "private_ip": "10.0.146.33",
            "public_ip": "52.45.197.161",
            "subnet_id": "subnet-00c1ec00dd30be463",
            "tags": {
              "Name": "eks-cluster-vpc",
              "kubernetes.io/cluster/eks-cluster": "shared"
            }
          },
          "private": "bnVsbA==",
          "dependencies": [
            "module.eks.module.vpc.aws_eip.nat",
            "module.eks.module.vpc.aws_internet_gateway.this",
            "module.eks.module.vpc.aws_subnet.public",
            "module.eks.module.vpc.aws_vpc.this",
            "module.eks.module.vpc.aws_vpc_ipv4_cidr_block_association.this"
          ]
        },
        {
          "index_key": 2,
          "schema_version": 0,
          "attributes": {
            "allocation_id": "eipalloc-02cf98ebda95c343e",
            "id": "nat-01b2696b39e814e0c",
            "network_interface_id": "eni-0f90b4d43632b1684",
            "private_ip": "10.0.170.171",
            "public_ip": "34.197.239.102",
            "subnet_id": "subnet-0ba757d2683c193a9",
            "tags": {
              "Name": "eks-cluster-vpc",
              "kubernetes.io/cluster/eks-cluster": "shared"
            }
          },
          "private": "bnVsbA==",
          "dependencies": [
            "module.eks.module.vpc.aws_eip.nat",
            "module.eks.module.vpc.aws_internet_gateway.this",
            "module.eks.module.vpc.aws_subnet.public",
            "module.eks.module.vpc.aws_vpc.this",
            "module.eks.module.vpc.aws_vpc_ipv4_cidr_block_association.this"
          ]
        }
      ]
    },
    {
      "module": "module.eks.module.vpc",
      "mode": "managed",
      "type": "aws_network_acl",
      "name": "database",
      "each": "list",
      "provider": "module.eks.provider.aws",
      "instances": []
    },
    {
      "module": "module.eks.module.vpc",
      "mode": "managed",
      "type": "aws_network_acl",
      "name": "elasticache",
      "each": "list",
      "provider": "module.eks.provider.aws",
      "instances": []
    },
    {
      "module": "module.eks.module.vpc",
      "mode": "managed",
      "type": "aws_network_acl",
      "name": "intra",
      "each": "list",
      "provider": "module.eks.provider.aws",
      "instances": []
    },
    {
      "module": "module.eks.module.vpc",
      "mode": "managed",
      "type": "aws_network_acl",
      "name": "private",
      "each": "list",
      "provider": "module.eks.provider.aws",
      "instances": []
    },
    {
      "module": "module.eks.module.vpc",
      "mode": "managed",
      "type": "aws_network_acl",
      "name": "public",
      "each": "list",
      "provider": "module.eks.provider.aws",
      "instances": []
    },
    {
      "module": "module.eks.module.vpc",
      "mode": "managed",
      "type": "aws_network_acl",
      "name": "redshift",
      "each": "list",
      "provider": "module.eks.provider.aws",
      "instances": []
    },
    {
      "module": "module.eks.module.vpc",
      "mode": "managed",
      "type": "aws_network_acl_rule",
      "name": "database_inbound",
      "each": "list",
      "provider": "module.eks.provider.aws",
      "instances": []
    },
    {
      "module": "module.eks.module.vpc",
      "mode": "managed",
      "type": "aws_network_acl_rule",
      "name": "database_outbound",
      "each": "list",
      "provider": "module.eks.provider.aws",
      "instances": []
    },
    {
      "module": "module.eks.module.vpc",
      "mode": "managed",
      "type": "aws_network_acl_rule",
      "name": "elasticache_inbound",
      "each": "list",
      "provider": "module.eks.provider.aws",
      "instances": []
    },
    {
      "module": "module.eks.module.vpc",
      "mode": "managed",
      "type": "aws_network_acl_rule",
      "name": "elasticache_outbound",
      "each": "list",
      "provider": "module.eks.provider.aws",
      "instances": []
    },
    {
      "module": "module.eks.module.vpc",
      "mode": "managed",
      "type": "aws_network_acl_rule",
      "name": "intra_inbound",
      "each": "list",
      "provider": "module.eks.provider.aws",
      "instances": []
    },
    {
      "module": "module.eks.module.vpc",
      "mode": "managed",
      "type": "aws_network_acl_rule",
      "name": "intra_outbound",
      "each": "list",
      "provider": "module.eks.provider.aws",
      "instances": []
    },
    {
      "module": "module.eks.module.vpc",
      "mode": "managed",
      "type": "aws_network_acl_rule",
      "name": "private_inbound",
      "each": "list",
      "provider": "module.eks.provider.aws",
      "instances": []
    },
    {
      "module": "module.eks.module.vpc",
      "mode": "managed",
      "type": "aws_network_acl_rule",
      "name": "private_outbound",
      "each": "list",
      "provider": "module.eks.provider.aws",
      "instances": []
    },
    {
      "module": "module.eks.module.vpc",
      "mode": "managed",
      "type": "aws_network_acl_rule",
      "name": "public_inbound",
      "each": "list",
      "provider": "module.eks.provider.aws",
      "instances": []
    },
    {
      "module": "module.eks.module.vpc",
      "mode": "managed",
      "type": "aws_network_acl_rule",
      "name": "public_outbound",
      "each": "list",
      "provider": "module.eks.provider.aws",
      "instances": []
    },
    {
      "module": "module.eks.module.vpc",
      "mode": "managed",
      "type": "aws_network_acl_rule",
      "name": "redshift_inbound",
      "each": "list",
      "provider": "module.eks.provider.aws",
      "instances": []
    },
    {
      "module": "module.eks.module.vpc",
      "mode": "managed",
      "type": "aws_network_acl_rule",
      "name": "redshift_outbound",
      "each": "list",
      "provider": "module.eks.provider.aws",
      "instances": []
    },
    {
      "module": "module.eks.module.vpc",
      "mode": "managed",
      "type": "aws_redshift_subnet_group",
      "name": "redshift",
      "each": "list",
      "provider": "module.eks.provider.aws",
      "instances": []
    },
    {
      "module": "module.eks.module.vpc",
      "mode": "managed",
      "type": "aws_route",
      "name": "database_internet_gateway",
      "each": "list",
      "provider": "module.eks.provider.aws",
      "instances": []
    },
    {
      "module": "module.eks.module.vpc",
      "mode": "managed",
      "type": "aws_route",
      "name": "database_nat_gateway",
      "each": "list",
      "provider": "module.eks.provider.aws",
      "instances": []
    },
    {
      "module": "module.eks.module.vpc",
      "mode": "managed",
      "type": "aws_route",
      "name": "private_nat_gateway",
      "each": "list",
      "provider": "module.eks.provider.aws",
      "instances": [
        {
          "index_key": 0,
          "schema_version": 0,
          "attributes": {
            "destination_cidr_block": "0.0.0.0/0",
            "destination_ipv6_cidr_block": null,
            "destination_prefix_list_id": "",
            "egress_only_gateway_id": "",
            "gateway_id": "",
            "id": "r-rtb-07e1b2ef6f79fb9921080289494",
            "instance_id": "",
            "instance_owner_id": "",
            "nat_gateway_id": "nat-051a00017522102c9",
            "network_interface_id": "",
            "origin": "CreateRoute",
            "route_table_id": "rtb-07e1b2ef6f79fb992",
            "state": "active",
            "timeouts": {
              "create": "5m",
              "delete": null
            },
            "transit_gateway_id": "",
            "vpc_peering_connection_id": ""
          },
          "private": "eyJlMmJmYjczMC1lY2FhLTExZTYtOGY4OC0zNDM2M2JjN2M0YzAiOnsiY3JlYXRlIjozMDAwMDAwMDAwMDAsImRlbGV0ZSI6MzAwMDAwMDAwMDAwfX0=",
          "dependencies": [
            "module.eks.module.vpc.aws_eip.nat",
            "module.eks.module.vpc.aws_internet_gateway.this",
            "module.eks.module.vpc.aws_nat_gateway.this",
            "module.eks.module.vpc.aws_route_table.private",
            "module.eks.module.vpc.aws_subnet.public",
            "module.eks.module.vpc.aws_vpc.this",
            "module.eks.module.vpc.aws_vpc_ipv4_cidr_block_association.this"
          ]
        },
        {
          "index_key": 1,
          "schema_version": 0,
          "attributes": {
            "destination_cidr_block": "0.0.0.0/0",
            "destination_ipv6_cidr_block": null,
            "destination_prefix_list_id": "",
            "egress_only_gateway_id": "",
            "gateway_id": "",
            "id": "r-rtb-0c91895ea991c54591080289494",
            "instance_id": "",
            "instance_owner_id": "",
            "nat_gateway_id": "nat-05f5cd6b587512a39",
            "network_interface_id": "",
            "origin": "CreateRoute",
            "route_table_id": "rtb-0c91895ea991c5459",
            "state": "active",
            "timeouts": {
              "create": "5m",
              "delete": null
            },
            "transit_gateway_id": "",
            "vpc_peering_connection_id": ""
          },
          "private": "eyJlMmJmYjczMC1lY2FhLTExZTYtOGY4OC0zNDM2M2JjN2M0YzAiOnsiY3JlYXRlIjozMDAwMDAwMDAwMDAsImRlbGV0ZSI6MzAwMDAwMDAwMDAwfX0=",
          "dependencies": [
            "module.eks.module.vpc.aws_eip.nat",
            "module.eks.module.vpc.aws_internet_gateway.this",
            "module.eks.module.vpc.aws_nat_gateway.this",
            "module.eks.module.vpc.aws_route_table.private",
            "module.eks.module.vpc.aws_subnet.public",
            "module.eks.module.vpc.aws_vpc.this",
            "module.eks.module.vpc.aws_vpc_ipv4_cidr_block_association.this"
          ]
        },
        {
          "index_key": 2,
          "schema_version": 0,
          "attributes": {
            "destination_cidr_block": "0.0.0.0/0",
            "destination_ipv6_cidr_block": null,
            "destination_prefix_list_id": "",
            "egress_only_gateway_id": "",
            "gateway_id": "",
            "id": "r-rtb-0ffb6e4f612065d131080289494",
            "instance_id": "",
            "instance_owner_id": "",
            "nat_gateway_id": "nat-01b2696b39e814e0c",
            "network_interface_id": "",
            "origin": "CreateRoute",
            "route_table_id": "rtb-0ffb6e4f612065d13",
            "state": "active",
            "timeouts": {
              "create": "5m",
              "delete": null
            },
            "transit_gateway_id": "",
            "vpc_peering_connection_id": ""
          },
          "private": "eyJlMmJmYjczMC1lY2FhLTExZTYtOGY4OC0zNDM2M2JjN2M0YzAiOnsiY3JlYXRlIjozMDAwMDAwMDAwMDAsImRlbGV0ZSI6MzAwMDAwMDAwMDAwfX0=",
          "dependencies": [
            "module.eks.module.vpc.aws_eip.nat",
            "module.eks.module.vpc.aws_internet_gateway.this",
            "module.eks.module.vpc.aws_nat_gateway.this",
            "module.eks.module.vpc.aws_route_table.private",
            "module.eks.module.vpc.aws_subnet.public",
            "module.eks.module.vpc.aws_vpc.this",
            "module.eks.module.vpc.aws_vpc_ipv4_cidr_block_association.this"
          ]
        }
      ]
    },
    {
      "module": "module.eks.module.vpc",
      "mode": "managed",
      "type": "aws_route",
      "name": "public_internet_gateway",
      "each": "list",
      "provider": "module.eks.provider.aws",
      "instances": [
        {
          "index_key": 0,
          "schema_version": 0,
          "attributes": {
            "destination_cidr_block": "0.0.0.0/0",
            "destination_ipv6_cidr_block": null,
            "destination_prefix_list_id": "",
            "egress_only_gateway_id": "",
            "gateway_id": "igw-0f62740885fe613c4",
            "id": "r-rtb-0db4fc20e6134dbac1080289494",
            "instance_id": "",
            "instance_owner_id": "",
            "nat_gateway_id": "",
            "network_interface_id": "",
            "origin": "CreateRoute",
            "route_table_id": "rtb-0db4fc20e6134dbac",
            "state": "active",
            "timeouts": {
              "create": "5m",
              "delete": null
            },
            "transit_gateway_id": "",
            "vpc_peering_connection_id": ""
          },
          "private": "eyJlMmJmYjczMC1lY2FhLTExZTYtOGY4OC0zNDM2M2JjN2M0YzAiOnsiY3JlYXRlIjozMDAwMDAwMDAwMDAsImRlbGV0ZSI6MzAwMDAwMDAwMDAwfX0=",
          "dependencies": [
            "module.eks.module.vpc.aws_internet_gateway.this",
            "module.eks.module.vpc.aws_route_table.public",
            "module.eks.module.vpc.aws_vpc.this",
            "module.eks.module.vpc.aws_vpc_ipv4_cidr_block_association.this"
          ]
        }
      ]
    },
    {
      "module": "module.eks.module.vpc",
      "mode": "managed",
      "type": "aws_route_table",
      "name": "database",
      "each": "list",
      "provider": "module.eks.provider.aws",
      "instances": []
    },
    {
      "module": "module.eks.module.vpc",
      "mode": "managed",
      "type": "aws_route_table",
      "name": "elasticache",
      "each": "list",
      "provider": "module.eks.provider.aws",
      "instances": []
    },
    {
      "module": "module.eks.module.vpc",
      "mode": "managed",
      "type": "aws_route_table",
      "name": "intra",
      "each": "list",
      "provider": "module.eks.provider.aws",
      "instances": []
    },
    {
      "module": "module.eks.module.vpc",
      "mode": "managed",
      "type": "aws_route_table",
      "name": "private",
      "each": "list",
      "provider": "module.eks.provider.aws",
      "instances": [
        {
          "index_key": 0,
          "schema_version": 0,
          "attributes": {
            "id": "rtb-07e1b2ef6f79fb992",
            "owner_id": "389079568269",
            "propagating_vgws": [],
            "route": [],
            "tags": {
              "Name": "eks-cluster-vpc",
              "kubernetes.io/cluster/eks-cluster": "shared"
            },
            "vpc_id": "vpc-0498e2682bd4bbf55"
          },
          "private": "bnVsbA==",
          "dependencies": [
            "module.eks.module.vpc.aws_vpc.this",
            "module.eks.module.vpc.aws_vpc_ipv4_cidr_block_association.this"
          ]
        },
        {
          "index_key": 1,
          "schema_version": 0,
          "attributes": {
            "id": "rtb-0c91895ea991c5459",
            "owner_id": "389079568269",
            "propagating_vgws": [],
            "route": [],
            "tags": {
              "Name": "eks-cluster-vpc",
              "kubernetes.io/cluster/eks-cluster": "shared"
            },
            "vpc_id": "vpc-0498e2682bd4bbf55"
          },
          "private": "bnVsbA==",
          "dependencies": [
            "module.eks.module.vpc.aws_vpc.this",
            "module.eks.module.vpc.aws_vpc_ipv4_cidr_block_association.this"
          ]
        },
        {
          "index_key": 2,
          "schema_version": 0,
          "attributes": {
            "id": "rtb-0ffb6e4f612065d13",
            "owner_id": "389079568269",
            "propagating_vgws": [],
            "route": [],
            "tags": {
              "Name": "eks-cluster-vpc",
              "kubernetes.io/cluster/eks-cluster": "shared"
            },
            "vpc_id": "vpc-0498e2682bd4bbf55"
          },
          "private": "bnVsbA==",
          "dependencies": [
            "module.eks.module.vpc.aws_vpc.this",
            "module.eks.module.vpc.aws_vpc_ipv4_cidr_block_association.this"
          ]
        }
      ]
    },
    {
      "module": "module.eks.module.vpc",
      "mode": "managed",
      "type": "aws_route_table",
      "name": "public",
      "each": "list",
      "provider": "module.eks.provider.aws",
      "instances": [
        {
          "index_key": 0,
          "schema_version": 0,
          "attributes": {
            "id": "rtb-0db4fc20e6134dbac",
            "owner_id": "389079568269",
            "propagating_vgws": [],
            "route": [],
            "tags": {
              "Name": "eks-cluster-vpc",
              "kubernetes.io/cluster/eks-cluster": "shared"
            },
            "vpc_id": "vpc-0498e2682bd4bbf55"
          },
          "private": "bnVsbA==",
          "dependencies": [
            "module.eks.module.vpc.aws_vpc.this",
            "module.eks.module.vpc.aws_vpc_ipv4_cidr_block_association.this"
          ]
        }
      ]
    },
    {
      "module": "module.eks.module.vpc",
      "mode": "managed",
      "type": "aws_route_table",
      "name": "redshift",
      "each": "list",
      "provider": "module.eks.provider.aws",
      "instances": []
    },
    {
      "module": "module.eks.module.vpc",
      "mode": "managed",
      "type": "aws_route_table_association",
      "name": "database",
      "each": "list",
      "provider": "module.eks.provider.aws",
      "instances": [
        {
          "index_key": 0,
          "schema_version": 0,
          "attributes": {
            "gateway_id": null,
            "id": "rtbassoc-01c664373328c468c",
            "route_table_id": "rtb-07e1b2ef6f79fb992",
            "subnet_id": "subnet-0bfd0f6c65a7e945e"
          },
          "private": "bnVsbA==",
          "dependencies": [
            "module.eks.module.vpc.aws_route_table.database",
            "module.eks.module.vpc.aws_route_table.private",
            "module.eks.module.vpc.aws_subnet.database",
            "module.eks.module.vpc.aws_vpc.this",
            "module.eks.module.vpc.aws_vpc_ipv4_cidr_block_association.this"
          ]
        },
        {
          "index_key": 1,
          "schema_version": 0,
          "attributes": {
            "gateway_id": null,
            "id": "rtbassoc-03cfbf42ba7462d97",
            "route_table_id": "rtb-0c91895ea991c5459",
            "subnet_id": "subnet-02d7b16ea47e3e773"
          },
          "private": "bnVsbA==",
          "dependencies": [
            "module.eks.module.vpc.aws_route_table.database",
            "module.eks.module.vpc.aws_route_table.private",
            "module.eks.module.vpc.aws_subnet.database",
            "module.eks.module.vpc.aws_vpc.this",
            "module.eks.module.vpc.aws_vpc_ipv4_cidr_block_association.this"
          ]
        },
        {
          "index_key": 2,
          "schema_version": 0,
          "attributes": {
            "gateway_id": null,
            "id": "rtbassoc-03d198b1e6ce97f54",
            "route_table_id": "rtb-0ffb6e4f612065d13",
            "subnet_id": "subnet-02648e6715627a402"
          },
          "private": "bnVsbA==",
          "dependencies": [
            "module.eks.module.vpc.aws_route_table.database",
            "module.eks.module.vpc.aws_route_table.private",
            "module.eks.module.vpc.aws_subnet.database",
            "module.eks.module.vpc.aws_vpc.this",
            "module.eks.module.vpc.aws_vpc_ipv4_cidr_block_association.this"
          ]
        }
      ]
    },
    {
      "module": "module.eks.module.vpc",
      "mode": "managed",
      "type": "aws_route_table_association",
      "name": "elasticache",
      "each": "list",
      "provider": "module.eks.provider.aws",
      "instances": []
    },
    {
      "module": "module.eks.module.vpc",
      "mode": "managed",
      "type": "aws_route_table_association",
      "name": "intra",
      "each": "list",
      "provider": "module.eks.provider.aws",
      "instances": []
    },
    {
      "module": "module.eks.module.vpc",
      "mode": "managed",
      "type": "aws_route_table_association",
      "name": "private",
      "each": "list",
      "provider": "module.eks.provider.aws",
      "instances": [
        {
          "index_key": 0,
          "schema_version": 0,
          "attributes": {
            "gateway_id": null,
            "id": "rtbassoc-05b95c0498a7b0682",
            "route_table_id": "rtb-07e1b2ef6f79fb992",
            "subnet_id": "subnet-096376f29295ebffa"
          },
          "private": "bnVsbA==",
          "dependencies": [
            "module.eks.module.vpc.aws_route_table.private",
            "module.eks.module.vpc.aws_subnet.private",
            "module.eks.module.vpc.aws_vpc.this",
            "module.eks.module.vpc.aws_vpc_ipv4_cidr_block_association.this"
          ]
        },
        {
          "index_key": 1,
          "schema_version": 0,
          "attributes": {
            "gateway_id": null,
            "id": "rtbassoc-0e7c0cdb3e277e748",
            "route_table_id": "rtb-0c91895ea991c5459",
            "subnet_id": "subnet-01d87423868b6f11f"
          },
          "private": "bnVsbA==",
          "dependencies": [
            "module.eks.module.vpc.aws_route_table.private",
            "module.eks.module.vpc.aws_subnet.private",
            "module.eks.module.vpc.aws_vpc.this",
            "module.eks.module.vpc.aws_vpc_ipv4_cidr_block_association.this"
          ]
        },
        {
          "index_key": 2,
          "schema_version": 0,
          "attributes": {
            "gateway_id": null,
            "id": "rtbassoc-0501dba25efa95198",
            "route_table_id": "rtb-0ffb6e4f612065d13",
            "subnet_id": "subnet-00a0bada117dbf470"
          },
          "private": "bnVsbA==",
          "dependencies": [
            "module.eks.module.vpc.aws_route_table.private",
            "module.eks.module.vpc.aws_subnet.private",
            "module.eks.module.vpc.aws_vpc.this",
            "module.eks.module.vpc.aws_vpc_ipv4_cidr_block_association.this"
          ]
        }
      ]
    },
    {
      "module": "module.eks.module.vpc",
      "mode": "managed",
      "type": "aws_route_table_association",
      "name": "public",
      "each": "list",
      "provider": "module.eks.provider.aws",
      "instances": [
        {
          "index_key": 0,
          "schema_version": 0,
          "attributes": {
            "gateway_id": null,
            "id": "rtbassoc-07a9cda12ae161af8",
            "route_table_id": "rtb-0db4fc20e6134dbac",
            "subnet_id": "subnet-04eb9b55f0c6ebf90"
          },
          "private": "bnVsbA==",
          "dependencies": [
            "module.eks.module.vpc.aws_route_table.public",
            "module.eks.module.vpc.aws_subnet.public",
            "module.eks.module.vpc.aws_vpc.this",
            "module.eks.module.vpc.aws_vpc_ipv4_cidr_block_association.this"
          ]
        },
        {
          "index_key": 1,
          "schema_version": 0,
          "attributes": {
            "gateway_id": null,
            "id": "rtbassoc-0a148536903a40dfc",
            "route_table_id": "rtb-0db4fc20e6134dbac",
            "subnet_id": "subnet-00c1ec00dd30be463"
          },
          "private": "bnVsbA==",
          "dependencies": [
            "module.eks.module.vpc.aws_route_table.public",
            "module.eks.module.vpc.aws_subnet.public",
            "module.eks.module.vpc.aws_vpc.this",
            "module.eks.module.vpc.aws_vpc_ipv4_cidr_block_association.this"
          ]
        },
        {
          "index_key": 2,
          "schema_version": 0,
          "attributes": {
            "gateway_id": null,
            "id": "rtbassoc-0970a663b7801d64a",
            "route_table_id": "rtb-0db4fc20e6134dbac",
            "subnet_id": "subnet-0ba757d2683c193a9"
          },
          "private": "bnVsbA==",
          "dependencies": [
            "module.eks.module.vpc.aws_route_table.public",
            "module.eks.module.vpc.aws_subnet.public",
            "module.eks.module.vpc.aws_vpc.this",
            "module.eks.module.vpc.aws_vpc_ipv4_cidr_block_association.this"
          ]
        }
      ]
    },
    {
      "module": "module.eks.module.vpc",
      "mode": "managed",
      "type": "aws_route_table_association",
      "name": "redshift",
      "each": "list",
      "provider": "module.eks.provider.aws",
      "instances": []
    },
    {
      "module": "module.eks.module.vpc",
      "mode": "managed",
      "type": "aws_route_table_association",
      "name": "redshift_public",
      "each": "list",
      "provider": "module.eks.provider.aws",
      "instances": []
    },
    {
      "module": "module.eks.module.ssh_sg",
      "mode": "managed",
      "type": "aws_security_group",
      "name": "this",
      "each": "list",
      "provider": "module.eks.provider.aws",
      "instances": []
    },
    {
      "module": "module.eks.module.cluster-sg",
      "mode": "managed",
      "type": "aws_security_group",
      "name": "this",
      "each": "list",
      "provider": "module.eks.provider.aws",
      "instances": []
    },
    {
      "module": "module.eks.module.node-sg",
      "mode": "managed",
      "type": "aws_security_group",
      "name": "this",
      "each": "list",
      "provider": "module.eks.provider.aws",
      "instances": []
    },
    {
      "module": "module.eks.module.ssh_sg",
      "mode": "managed",
      "type": "aws_security_group",
      "name": "this_name_prefix",
      "each": "list",
      "provider": "module.eks.provider.aws",
      "instances": [
        {
          "index_key": 0,
          "schema_version": 1,
          "attributes": {
            "arn": "arn:aws:ec2:us-east-1:389079568269:security-group/sg-06c375366afdc6126",
            "description": "Security group which is to allow SSH from Bastion",
            "egress": [],
            "id": "sg-06c375366afdc6126",
            "ingress": [],
            "name": "ssh-sg-20200106074147464500000006",
            "name_prefix": "ssh-sg-",
            "owner_id": "389079568269",
            "revoke_rules_on_delete": false,
            "tags": {
              "Name": "ssh-sg"
            },
            "timeouts": null,
            "vpc_id": "vpc-0498e2682bd4bbf55"
          },
          "private": "eyJlMmJmYjczMC1lY2FhLTExZTYtOGY4OC0zNDM2M2JjN2M0YzAiOnsiY3JlYXRlIjo2MDAwMDAwMDAwMDAsImRlbGV0ZSI6NjAwMDAwMDAwMDAwfSwic2NoZW1hX3ZlcnNpb24iOiIxIn0=",
          "dependencies": [
            "module.eks.module.vpc.aws_vpc.this"
          ]
        }
      ]
    },
    {
      "module": "module.eks.module.cluster-sg",
      "mode": "managed",
      "type": "aws_security_group",
      "name": "this_name_prefix",
      "each": "list",
      "provider": "module.eks.provider.aws",
      "instances": [
        {
          "index_key": 0,
          "schema_version": 1,
          "attributes": {
            "arn": "arn:aws:ec2:us-east-1:389079568269:security-group/sg-0d3736c38882ecf6d",
            "description": "EKS node security groups",
            "egress": [],
            "id": "sg-0d3736c38882ecf6d",
            "ingress": [],
            "name": "cluster-sg-20200106074147467400000008",
            "name_prefix": "cluster-sg-",
            "owner_id": "389079568269",
            "revoke_rules_on_delete": false,
            "tags": {
              "Name": "cluster-sg"
            },
            "timeouts": null,
            "vpc_id": "vpc-0498e2682bd4bbf55"
          },
          "private": "eyJlMmJmYjczMC1lY2FhLTExZTYtOGY4OC0zNDM2M2JjN2M0YzAiOnsiY3JlYXRlIjo2MDAwMDAwMDAwMDAsImRlbGV0ZSI6NjAwMDAwMDAwMDAwfSwic2NoZW1hX3ZlcnNpb24iOiIxIn0=",
          "dependencies": [
            "module.eks.module.vpc.aws_vpc.this"
          ]
        }
      ]
    },
    {
      "module": "module.eks.module.node-sg",
      "mode": "managed",
      "type": "aws_security_group",
      "name": "this_name_prefix",
      "each": "list",
      "provider": "module.eks.provider.aws",
      "instances": [
        {
          "index_key": 0,
          "schema_version": 1,
          "attributes": {
            "arn": "arn:aws:ec2:us-east-1:389079568269:security-group/sg-0ea8b09599b200293",
            "description": "EKS node security groups",
            "egress": [],
            "id": "sg-0ea8b09599b200293",
            "ingress": [],
            "name": "node-sg-20200106074147465000000007",
            "name_prefix": "node-sg-",
            "owner_id": "389079568269",
            "revoke_rules_on_delete": false,
            "tags": {
              "Name": "node-sg",
              "kubernetes.io/cluster/eks-cluster": "owned"
            },
            "timeouts": null,
            "vpc_id": "vpc-0498e2682bd4bbf55"
          },
          "private": "eyJlMmJmYjczMC1lY2FhLTExZTYtOGY4OC0zNDM2M2JjN2M0YzAiOnsiY3JlYXRlIjo2MDAwMDAwMDAwMDAsImRlbGV0ZSI6NjAwMDAwMDAwMDAwfSwic2NoZW1hX3ZlcnNpb24iOiIxIn0=",
          "dependencies": [
            "module.eks.module.vpc.aws_vpc.this"
          ]
        }
      ]
    },
    {
      "module": "module.eks.module.ssh_sg",
      "mode": "managed",
      "type": "aws_security_group_rule",
      "name": "computed_egress_rules",
      "each": "list",
      "provider": "module.eks.provider.aws",
      "instances": []
    },
    {
      "module": "module.eks.module.cluster-sg",
      "mode": "managed",
      "type": "aws_security_group_rule",
      "name": "computed_egress_rules",
      "each": "list",
      "provider": "module.eks.provider.aws",
      "instances": []
    },
    {
      "module": "module.eks.module.node-sg",
      "mode": "managed",
      "type": "aws_security_group_rule",
      "name": "computed_egress_rules",
      "each": "list",
      "provider": "module.eks.provider.aws",
      "instances": []
    },
    {
      "module": "module.eks.module.ssh_sg",
      "mode": "managed",
      "type": "aws_security_group_rule",
      "name": "computed_egress_with_cidr_blocks",
      "each": "list",
      "provider": "module.eks.provider.aws",
      "instances": []
    },
    {
      "module": "module.eks.module.cluster-sg",
      "mode": "managed",
      "type": "aws_security_group_rule",
      "name": "computed_egress_with_cidr_blocks",
      "each": "list",
      "provider": "module.eks.provider.aws",
      "instances": []
    },
    {
      "module": "module.eks.module.node-sg",
      "mode": "managed",
      "type": "aws_security_group_rule",
      "name": "computed_egress_with_cidr_blocks",
      "each": "list",
      "provider": "module.eks.provider.aws",
      "instances": []
    },
    {
      "module": "module.eks.module.ssh_sg",
      "mode": "managed",
      "type": "aws_security_group_rule",
      "name": "computed_egress_with_ipv6_cidr_blocks",
      "each": "list",
      "provider": "module.eks.provider.aws",
      "instances": []
    },
    {
      "module": "module.eks.module.cluster-sg",
      "mode": "managed",
      "type": "aws_security_group_rule",
      "name": "computed_egress_with_ipv6_cidr_blocks",
      "each": "list",
      "provider": "module.eks.provider.aws",
      "instances": []
    },
    {
      "module": "module.eks.module.node-sg",
      "mode": "managed",
      "type": "aws_security_group_rule",
      "name": "computed_egress_with_ipv6_cidr_blocks",
      "each": "list",
      "provider": "module.eks.provider.aws",
      "instances": []
    },
    {
      "module": "module.eks.module.ssh_sg",
      "mode": "managed",
      "type": "aws_security_group_rule",
      "name": "computed_egress_with_self",
      "each": "list",
      "provider": "module.eks.provider.aws",
      "instances": []
    },
    {
      "module": "module.eks.module.cluster-sg",
      "mode": "managed",
      "type": "aws_security_group_rule",
      "name": "computed_egress_with_self",
      "each": "list",
      "provider": "module.eks.provider.aws",
      "instances": []
    },
    {
      "module": "module.eks.module.node-sg",
      "mode": "managed",
      "type": "aws_security_group_rule",
      "name": "computed_egress_with_self",
      "each": "list",
      "provider": "module.eks.provider.aws",
      "instances": []
    },
    {
      "module": "module.eks.module.ssh_sg",
      "mode": "managed",
      "type": "aws_security_group_rule",
      "name": "computed_egress_with_source_security_group_id",
      "each": "list",
      "provider": "module.eks.provider.aws",
      "instances": []
    },
    {
      "module": "module.eks.module.cluster-sg",
      "mode": "managed",
      "type": "aws_security_group_rule",
      "name": "computed_egress_with_source_security_group_id",
      "each": "list",
      "provider": "module.eks.provider.aws",
      "instances": []
    },
    {
      "module": "module.eks.module.node-sg",
      "mode": "managed",
      "type": "aws_security_group_rule",
      "name": "computed_egress_with_source_security_group_id",
      "each": "list",
      "provider": "module.eks.provider.aws",
      "instances": []
    },
    {
      "module": "module.eks.module.ssh_sg",
      "mode": "managed",
      "type": "aws_security_group_rule",
      "name": "computed_ingress_rules",
      "each": "list",
      "provider": "module.eks.provider.aws",
      "instances": []
    },
    {
      "module": "module.eks.module.cluster-sg",
      "mode": "managed",
      "type": "aws_security_group_rule",
      "name": "computed_ingress_rules",
      "each": "list",
      "provider": "module.eks.provider.aws",
      "instances": []
    },
    {
      "module": "module.eks.module.node-sg",
      "mode": "managed",
      "type": "aws_security_group_rule",
      "name": "computed_ingress_rules",
      "each": "list",
      "provider": "module.eks.provider.aws",
      "instances": []
    },
    {
      "module": "module.eks.module.ssh_sg",
      "mode": "managed",
      "type": "aws_security_group_rule",
      "name": "computed_ingress_with_cidr_blocks",
      "each": "list",
      "provider": "module.eks.provider.aws",
      "instances": []
    },
    {
      "module": "module.eks.module.cluster-sg",
      "mode": "managed",
      "type": "aws_security_group_rule",
      "name": "computed_ingress_with_cidr_blocks",
      "each": "list",
      "provider": "module.eks.provider.aws",
      "instances": []
    },
    {
      "module": "module.eks.module.node-sg",
      "mode": "managed",
      "type": "aws_security_group_rule",
      "name": "computed_ingress_with_cidr_blocks",
      "each": "list",
      "provider": "module.eks.provider.aws",
      "instances": []
    },
    {
      "module": "module.eks.module.ssh_sg",
      "mode": "managed",
      "type": "aws_security_group_rule",
      "name": "computed_ingress_with_ipv6_cidr_blocks",
      "each": "list",
      "provider": "module.eks.provider.aws",
      "instances": []
    },
    {
      "module": "module.eks.module.cluster-sg",
      "mode": "managed",
      "type": "aws_security_group_rule",
      "name": "computed_ingress_with_ipv6_cidr_blocks",
      "each": "list",
      "provider": "module.eks.provider.aws",
      "instances": []
    },
    {
      "module": "module.eks.module.node-sg",
      "mode": "managed",
      "type": "aws_security_group_rule",
      "name": "computed_ingress_with_ipv6_cidr_blocks",
      "each": "list",
      "provider": "module.eks.provider.aws",
      "instances": []
    },
    {
      "module": "module.eks.module.ssh_sg",
      "mode": "managed",
      "type": "aws_security_group_rule",
      "name": "computed_ingress_with_self",
      "each": "list",
      "provider": "module.eks.provider.aws",
      "instances": []
    },
    {
      "module": "module.eks.module.cluster-sg",
      "mode": "managed",
      "type": "aws_security_group_rule",
      "name": "computed_ingress_with_self",
      "each": "list",
      "provider": "module.eks.provider.aws",
      "instances": []
    },
    {
      "module": "module.eks.module.node-sg",
      "mode": "managed",
      "type": "aws_security_group_rule",
      "name": "computed_ingress_with_self",
      "each": "list",
      "provider": "module.eks.provider.aws",
      "instances": []
    },
    {
      "module": "module.eks.module.ssh_sg",
      "mode": "managed",
      "type": "aws_security_group_rule",
      "name": "computed_ingress_with_source_security_group_id",
      "each": "list",
      "provider": "module.eks.provider.aws",
      "instances": []
    },
    {
      "module": "module.eks.module.cluster-sg",
      "mode": "managed",
      "type": "aws_security_group_rule",
      "name": "computed_ingress_with_source_security_group_id",
      "each": "list",
      "provider": "module.eks.provider.aws",
      "instances": [
        {
          "index_key": 0,
          "schema_version": 2,
          "attributes": {
            "cidr_blocks": null,
            "description": "Allow pods to communicate with the cluster API Server",
            "from_port": 443,
            "id": "sgrule-2989309561",
            "ipv6_cidr_blocks": [],
            "prefix_list_ids": [],
            "protocol": "tcp",
            "security_group_id": "sg-0d3736c38882ecf6d",
            "self": false,
            "source_security_group_id": "sg-0ea8b09599b200293",
            "to_port": 443,
            "type": "ingress"
          },
          "private": "eyJzY2hlbWFfdmVyc2lvbiI6IjIifQ==",
          "dependencies": [
            "module.eks.module.cluster-sg.aws_security_group.this",
            "module.eks.module.cluster-sg.aws_security_group.this_name_prefix",
            "module.eks.module.node-sg.aws_security_group.this",
            "module.eks.module.node-sg.aws_security_group.this_name_prefix",
            "module.eks.module.vpc.aws_vpc.this"
          ]
        }
      ]
    },
    {
      "module": "module.eks.module.node-sg",
      "mode": "managed",
      "type": "aws_security_group_rule",
      "name": "computed_ingress_with_source_security_group_id",
      "each": "list",
      "provider": "module.eks.provider.aws",
      "instances": [
        {
          "index_key": 0,
          "schema_version": 2,
          "attributes": {
            "cidr_blocks": null,
            "description": "Allow EKS Control Plane",
            "from_port": 1025,
            "id": "sgrule-3718081757",
            "ipv6_cidr_blocks": [],
            "prefix_list_ids": [],
            "protocol": "tcp",
            "security_group_id": "sg-0ea8b09599b200293",
            "self": false,
            "source_security_group_id": "sg-0d3736c38882ecf6d",
            "to_port": 65535,
            "type": "ingress"
          },
          "private": "eyJzY2hlbWFfdmVyc2lvbiI6IjIifQ==",
          "dependencies": [
            "module.eks.module.cluster-sg.aws_security_group.this",
            "module.eks.module.cluster-sg.aws_security_group.this_name_prefix",
            "module.eks.module.node-sg.aws_security_group.this",
            "module.eks.module.node-sg.aws_security_group.this_name_prefix",
            "module.eks.module.vpc.aws_vpc.this"
          ]
        }
      ]
    },
    {
      "module": "module.eks.module.ssh_sg",
      "mode": "managed",
      "type": "aws_security_group_rule",
      "name": "egress_rules",
      "each": "list",
      "provider": "module.eks.provider.aws",
      "instances": [
        {
          "index_key": 0,
          "schema_version": 2,
          "attributes": {
            "cidr_blocks": [
              "0.0.0.0/0"
            ],
            "description": "All protocols",
            "from_port": -1,
            "id": "sgrule-3499694208",
            "ipv6_cidr_blocks": [
              "::/0"
            ],
            "prefix_list_ids": [],
            "protocol": "-1",
            "security_group_id": "sg-06c375366afdc6126",
            "self": false,
            "source_security_group_id": null,
            "to_port": -1,
            "type": "egress"
          },
          "private": "eyJzY2hlbWFfdmVyc2lvbiI6IjIifQ==",
          "dependencies": [
            "module.eks.module.ssh_sg.aws_security_group.this",
            "module.eks.module.ssh_sg.aws_security_group.this_name_prefix",
            "module.eks.module.vpc.aws_vpc.this"
          ]
        }
      ]
    },
    {
      "module": "module.eks.module.cluster-sg",
      "mode": "managed",
      "type": "aws_security_group_rule",
      "name": "egress_rules",
      "each": "list",
      "provider": "module.eks.provider.aws",
      "instances": [
        {
          "index_key": 0,
          "schema_version": 2,
          "attributes": {
            "cidr_blocks": [
              "0.0.0.0/0"
            ],
            "description": "All protocols",
            "from_port": -1,
            "id": "sgrule-665337630",
            "ipv6_cidr_blocks": [
              "::/0"
            ],
            "prefix_list_ids": [],
            "protocol": "-1",
            "security_group_id": "sg-0d3736c38882ecf6d",
            "self": false,
            "source_security_group_id": null,
            "to_port": -1,
            "type": "egress"
          },
          "private": "eyJzY2hlbWFfdmVyc2lvbiI6IjIifQ==",
          "dependencies": [
            "module.eks.module.cluster-sg.aws_security_group.this",
            "module.eks.module.cluster-sg.aws_security_group.this_name_prefix",
            "module.eks.module.vpc.aws_vpc.this"
          ]
        }
      ]
    },
    {
      "module": "module.eks.module.node-sg",
      "mode": "managed",
      "type": "aws_security_group_rule",
      "name": "egress_rules",
      "each": "list",
      "provider": "module.eks.provider.aws",
      "instances": [
        {
          "index_key": 0,
          "schema_version": 2,
          "attributes": {
            "cidr_blocks": [
              "0.0.0.0/0"
            ],
            "description": "All protocols",
            "from_port": -1,
            "id": "sgrule-2877491437",
            "ipv6_cidr_blocks": [
              "::/0"
            ],
            "prefix_list_ids": [],
            "protocol": "-1",
            "security_group_id": "sg-0ea8b09599b200293",
            "self": false,
            "source_security_group_id": null,
            "to_port": -1,
            "type": "egress"
          },
          "private": "eyJzY2hlbWFfdmVyc2lvbiI6IjIifQ==",
          "dependencies": [
            "module.eks.module.node-sg.aws_security_group.this",
            "module.eks.module.node-sg.aws_security_group.this_name_prefix",
            "module.eks.module.vpc.aws_vpc.this"
          ]
        }
      ]
    },
    {
      "module": "module.eks.module.ssh_sg",
      "mode": "managed",
      "type": "aws_security_group_rule",
      "name": "egress_with_cidr_blocks",
      "each": "list",
      "provider": "module.eks.provider.aws",
      "instances": []
    },
    {
      "module": "module.eks.module.cluster-sg",
      "mode": "managed",
      "type": "aws_security_group_rule",
      "name": "egress_with_cidr_blocks",
      "each": "list",
      "provider": "module.eks.provider.aws",
      "instances": []
    },
    {
      "module": "module.eks.module.node-sg",
      "mode": "managed",
      "type": "aws_security_group_rule",
      "name": "egress_with_cidr_blocks",
      "each": "list",
      "provider": "module.eks.provider.aws",
      "instances": []
    },
    {
      "module": "module.eks.module.ssh_sg",
      "mode": "managed",
      "type": "aws_security_group_rule",
      "name": "egress_with_ipv6_cidr_blocks",
      "each": "list",
      "provider": "module.eks.provider.aws",
      "instances": []
    },
    {
      "module": "module.eks.module.cluster-sg",
      "mode": "managed",
      "type": "aws_security_group_rule",
      "name": "egress_with_ipv6_cidr_blocks",
      "each": "list",
      "provider": "module.eks.provider.aws",
      "instances": []
    },
    {
      "module": "module.eks.module.node-sg",
      "mode": "managed",
      "type": "aws_security_group_rule",
      "name": "egress_with_ipv6_cidr_blocks",
      "each": "list",
      "provider": "module.eks.provider.aws",
      "instances": []
    },
    {
      "module": "module.eks.module.ssh_sg",
      "mode": "managed",
      "type": "aws_security_group_rule",
      "name": "egress_with_self",
      "each": "list",
      "provider": "module.eks.provider.aws",
      "instances": []
    },
    {
      "module": "module.eks.module.cluster-sg",
      "mode": "managed",
      "type": "aws_security_group_rule",
      "name": "egress_with_self",
      "each": "list",
      "provider": "module.eks.provider.aws",
      "instances": []
    },
    {
      "module": "module.eks.module.node-sg",
      "mode": "managed",
      "type": "aws_security_group_rule",
      "name": "egress_with_self",
      "each": "list",
      "provider": "module.eks.provider.aws",
      "instances": []
    },
    {
      "module": "module.eks.module.ssh_sg",
      "mode": "managed",
      "type": "aws_security_group_rule",
      "name": "egress_with_source_security_group_id",
      "each": "list",
      "provider": "module.eks.provider.aws",
      "instances": []
    },
    {
      "module": "module.eks.module.cluster-sg",
      "mode": "managed",
      "type": "aws_security_group_rule",
      "name": "egress_with_source_security_group_id",
      "each": "list",
      "provider": "module.eks.provider.aws",
      "instances": []
    },
    {
      "module": "module.eks.module.node-sg",
      "mode": "managed",
      "type": "aws_security_group_rule",
      "name": "egress_with_source_security_group_id",
      "each": "list",
      "provider": "module.eks.provider.aws",
      "instances": []
    },
    {
      "module": "module.eks.module.ssh_sg",
      "mode": "managed",
      "type": "aws_security_group_rule",
      "name": "ingress_rules",
      "each": "list",
      "provider": "module.eks.provider.aws",
      "instances": [
        {
          "index_key": 0,
          "schema_version": 2,
          "attributes": {
            "cidr_blocks": [
              "196.192.165.10/32"
            ],
            "description": "SSH",
            "from_port": 22,
            "id": "sgrule-815272037",
            "ipv6_cidr_blocks": [],
            "prefix_list_ids": [],
            "protocol": "tcp",
            "security_group_id": "sg-06c375366afdc6126",
            "self": false,
            "source_security_group_id": null,
            "to_port": 22,
            "type": "ingress"
          },
          "private": "eyJzY2hlbWFfdmVyc2lvbiI6IjIifQ==",
          "dependencies": [
            "module.eks.module.ssh_sg.aws_security_group.this",
            "module.eks.module.ssh_sg.aws_security_group.this_name_prefix",
            "module.eks.module.vpc.aws_vpc.this"
          ]
        }
      ]
    },
    {
      "module": "module.eks.module.cluster-sg",
      "mode": "managed",
      "type": "aws_security_group_rule",
      "name": "ingress_rules",
      "each": "list",
      "provider": "module.eks.provider.aws",
      "instances": []
    },
    {
      "module": "module.eks.module.node-sg",
      "mode": "managed",
      "type": "aws_security_group_rule",
      "name": "ingress_rules",
      "each": "list",
      "provider": "module.eks.provider.aws",
      "instances": []
    },
    {
      "module": "module.eks.module.ssh_sg",
      "mode": "managed",
      "type": "aws_security_group_rule",
      "name": "ingress_with_cidr_blocks",
      "each": "list",
      "provider": "module.eks.provider.aws",
      "instances": []
    },
    {
      "module": "module.eks.module.cluster-sg",
      "mode": "managed",
      "type": "aws_security_group_rule",
      "name": "ingress_with_cidr_blocks",
      "each": "list",
      "provider": "module.eks.provider.aws",
      "instances": []
    },
    {
      "module": "module.eks.module.node-sg",
      "mode": "managed",
      "type": "aws_security_group_rule",
      "name": "ingress_with_cidr_blocks",
      "each": "list",
      "provider": "module.eks.provider.aws",
      "instances": []
    },
    {
      "module": "module.eks.module.ssh_sg",
      "mode": "managed",
      "type": "aws_security_group_rule",
      "name": "ingress_with_ipv6_cidr_blocks",
      "each": "list",
      "provider": "module.eks.provider.aws",
      "instances": []
    },
    {
      "module": "module.eks.module.cluster-sg",
      "mode": "managed",
      "type": "aws_security_group_rule",
      "name": "ingress_with_ipv6_cidr_blocks",
      "each": "list",
      "provider": "module.eks.provider.aws",
      "instances": []
    },
    {
      "module": "module.eks.module.node-sg",
      "mode": "managed",
      "type": "aws_security_group_rule",
      "name": "ingress_with_ipv6_cidr_blocks",
      "each": "list",
      "provider": "module.eks.provider.aws",
      "instances": []
    },
    {
      "module": "module.eks.module.ssh_sg",
      "mode": "managed",
      "type": "aws_security_group_rule",
      "name": "ingress_with_self",
      "each": "list",
      "provider": "module.eks.provider.aws",
      "instances": []
    },
    {
      "module": "module.eks.module.cluster-sg",
      "mode": "managed",
      "type": "aws_security_group_rule",
      "name": "ingress_with_self",
      "each": "list",
      "provider": "module.eks.provider.aws",
      "instances": []
    },
    {
      "module": "module.eks.module.node-sg",
      "mode": "managed",
      "type": "aws_security_group_rule",
      "name": "ingress_with_self",
      "each": "list",
      "provider": "module.eks.provider.aws",
      "instances": [
        {
          "index_key": 0,
          "schema_version": 2,
          "attributes": {
            "cidr_blocks": null,
            "description": "Ingress Rule",
            "from_port": -1,
            "id": "sgrule-4110687032",
            "ipv6_cidr_blocks": [],
            "prefix_list_ids": [],
            "protocol": "-1",
            "security_group_id": "sg-0ea8b09599b200293",
            "self": true,
            "source_security_group_id": null,
            "to_port": -1,
            "type": "ingress"
          },
          "private": "eyJzY2hlbWFfdmVyc2lvbiI6IjIifQ==",
          "dependencies": [
            "module.eks.module.node-sg.aws_security_group.this",
            "module.eks.module.node-sg.aws_security_group.this_name_prefix",
            "module.eks.module.vpc.aws_vpc.this"
          ]
        }
      ]
    },
    {
      "module": "module.eks.module.ssh_sg",
      "mode": "managed",
      "type": "aws_security_group_rule",
      "name": "ingress_with_source_security_group_id",
      "each": "list",
      "provider": "module.eks.provider.aws",
      "instances": []
    },
    {
      "module": "module.eks.module.cluster-sg",
      "mode": "managed",
      "type": "aws_security_group_rule",
      "name": "ingress_with_source_security_group_id",
      "each": "list",
      "provider": "module.eks.provider.aws",
      "instances": []
    },
    {
      "module": "module.eks.module.node-sg",
      "mode": "managed",
      "type": "aws_security_group_rule",
      "name": "ingress_with_source_security_group_id",
      "each": "list",
      "provider": "module.eks.provider.aws",
      "instances": []
    },
    {
      "module": "module.eks.module.vpc",
      "mode": "managed",
      "type": "aws_subnet",
      "name": "database",
      "each": "list",
      "provider": "module.eks.provider.aws",
      "instances": [
        {
          "index_key": 0,
          "schema_version": 1,
          "attributes": {
            "arn": "arn:aws:ec2:us-east-1:389079568269:subnet/subnet-0bfd0f6c65a7e945e",
            "assign_ipv6_address_on_creation": false,
            "availability_zone": "us-east-1a",
            "availability_zone_id": "use1-az6",
            "cidr_block": "10.0.192.0/21",
            "id": "subnet-0bfd0f6c65a7e945e",
            "ipv6_cidr_block": "",
            "ipv6_cidr_block_association_id": "",
            "map_public_ip_on_launch": false,
            "owner_id": "389079568269",
            "tags": {
              "Name": "eks-cluster-eks-db",
              "kubernetes.io/cluster/eks-cluster": "shared"
            },
            "timeouts": null,
            "vpc_id": "vpc-0498e2682bd4bbf55"
          },
          "private": "eyJlMmJmYjczMC1lY2FhLTExZTYtOGY4OC0zNDM2M2JjN2M0YzAiOnsiY3JlYXRlIjo2MDAwMDAwMDAwMDAsImRlbGV0ZSI6MTIwMDAwMDAwMDAwMH0sInNjaGVtYV92ZXJzaW9uIjoiMSJ9",
          "dependencies": [
            "module.eks.module.vpc.aws_vpc.this",
            "module.eks.module.vpc.aws_vpc_ipv4_cidr_block_association.this"
          ]
        },
        {
          "index_key": 1,
          "schema_version": 1,
          "attributes": {
            "arn": "arn:aws:ec2:us-east-1:389079568269:subnet/subnet-02d7b16ea47e3e773",
            "assign_ipv6_address_on_creation": false,
            "availability_zone": "us-east-1b",
            "availability_zone_id": "use1-az1",
            "cidr_block": "10.0.200.0/21",
            "id": "subnet-02d7b16ea47e3e773",
            "ipv6_cidr_block": "",
            "ipv6_cidr_block_association_id": "",
            "map_public_ip_on_launch": false,
            "owner_id": "389079568269",
            "tags": {
              "Name": "eks-cluster-eks-db",
              "kubernetes.io/cluster/eks-cluster": "shared"
            },
            "timeouts": null,
            "vpc_id": "vpc-0498e2682bd4bbf55"
          },
          "private": "eyJlMmJmYjczMC1lY2FhLTExZTYtOGY4OC0zNDM2M2JjN2M0YzAiOnsiY3JlYXRlIjo2MDAwMDAwMDAwMDAsImRlbGV0ZSI6MTIwMDAwMDAwMDAwMH0sInNjaGVtYV92ZXJzaW9uIjoiMSJ9",
          "dependencies": [
            "module.eks.module.vpc.aws_vpc.this",
            "module.eks.module.vpc.aws_vpc_ipv4_cidr_block_association.this"
          ]
        },
        {
          "index_key": 2,
          "schema_version": 1,
          "attributes": {
            "arn": "arn:aws:ec2:us-east-1:389079568269:subnet/subnet-02648e6715627a402",
            "assign_ipv6_address_on_creation": false,
            "availability_zone": "us-east-1c",
            "availability_zone_id": "use1-az2",
            "cidr_block": "10.0.208.0/21",
            "id": "subnet-02648e6715627a402",
            "ipv6_cidr_block": "",
            "ipv6_cidr_block_association_id": "",
            "map_public_ip_on_launch": false,
            "owner_id": "389079568269",
            "tags": {
              "Name": "eks-cluster-eks-db",
              "kubernetes.io/cluster/eks-cluster": "shared"
            },
            "timeouts": null,
            "vpc_id": "vpc-0498e2682bd4bbf55"
          },
          "private": "eyJlMmJmYjczMC1lY2FhLTExZTYtOGY4OC0zNDM2M2JjN2M0YzAiOnsiY3JlYXRlIjo2MDAwMDAwMDAwMDAsImRlbGV0ZSI6MTIwMDAwMDAwMDAwMH0sInNjaGVtYV92ZXJzaW9uIjoiMSJ9",
          "dependencies": [
            "module.eks.module.vpc.aws_vpc.this",
            "module.eks.module.vpc.aws_vpc_ipv4_cidr_block_association.this"
          ]
        }
      ]
    },
    {
      "module": "module.eks.module.vpc",
      "mode": "managed",
      "type": "aws_subnet",
      "name": "elasticache",
      "each": "list",
      "provider": "module.eks.provider.aws",
      "instances": []
    },
    {
      "module": "module.eks.module.vpc",
      "mode": "managed",
      "type": "aws_subnet",
      "name": "intra",
      "each": "list",
      "provider": "module.eks.provider.aws",
      "instances": []
    },
    {
      "module": "module.eks.module.vpc",
      "mode": "managed",
      "type": "aws_subnet",
      "name": "private",
      "each": "list",
      "provider": "module.eks.provider.aws",
      "instances": [
        {
          "index_key": 0,
          "schema_version": 1,
          "attributes": {
            "arn": "arn:aws:ec2:us-east-1:389079568269:subnet/subnet-096376f29295ebffa",
            "assign_ipv6_address_on_creation": false,
            "availability_zone": "us-east-1a",
            "availability_zone_id": "use1-az6",
            "cidr_block": "10.0.0.0/19",
            "id": "subnet-096376f29295ebffa",
            "ipv6_cidr_block": "",
            "ipv6_cidr_block_association_id": "",
            "map_public_ip_on_launch": false,
            "owner_id": "389079568269",
            "tags": {
              "Name": "eks-cluster-eks-private",
              "kubernetes.io/cluster/eks-cluster": "shared",
              "kubernetes.io/role/internal-elb": "1"
            },
            "timeouts": null,
            "vpc_id": "vpc-0498e2682bd4bbf55"
          },
          "private": "eyJlMmJmYjczMC1lY2FhLTExZTYtOGY4OC0zNDM2M2JjN2M0YzAiOnsiY3JlYXRlIjo2MDAwMDAwMDAwMDAsImRlbGV0ZSI6MTIwMDAwMDAwMDAwMH0sInNjaGVtYV92ZXJzaW9uIjoiMSJ9",
          "dependencies": [
            "module.eks.module.vpc.aws_vpc.this",
            "module.eks.module.vpc.aws_vpc_ipv4_cidr_block_association.this"
          ]
        },
        {
          "index_key": 1,
          "schema_version": 1,
          "attributes": {
            "arn": "arn:aws:ec2:us-east-1:389079568269:subnet/subnet-01d87423868b6f11f",
            "assign_ipv6_address_on_creation": false,
            "availability_zone": "us-east-1b",
            "availability_zone_id": "use1-az1",
            "cidr_block": "10.0.32.0/19",
            "id": "subnet-01d87423868b6f11f",
            "ipv6_cidr_block": "",
            "ipv6_cidr_block_association_id": "",
            "map_public_ip_on_launch": false,
            "owner_id": "389079568269",
            "tags": {
              "Name": "eks-cluster-eks-private",
              "kubernetes.io/cluster/eks-cluster": "shared",
              "kubernetes.io/role/internal-elb": "1"
            },
            "timeouts": null,
            "vpc_id": "vpc-0498e2682bd4bbf55"
          },
          "private": "eyJlMmJmYjczMC1lY2FhLTExZTYtOGY4OC0zNDM2M2JjN2M0YzAiOnsiY3JlYXRlIjo2MDAwMDAwMDAwMDAsImRlbGV0ZSI6MTIwMDAwMDAwMDAwMH0sInNjaGVtYV92ZXJzaW9uIjoiMSJ9",
          "dependencies": [
            "module.eks.module.vpc.aws_vpc.this",
            "module.eks.module.vpc.aws_vpc_ipv4_cidr_block_association.this"
          ]
        },
        {
          "index_key": 2,
          "schema_version": 1,
          "attributes": {
            "arn": "arn:aws:ec2:us-east-1:389079568269:subnet/subnet-00a0bada117dbf470",
            "assign_ipv6_address_on_creation": false,
            "availability_zone": "us-east-1c",
            "availability_zone_id": "use1-az2",
            "cidr_block": "10.0.64.0/19",
            "id": "subnet-00a0bada117dbf470",
            "ipv6_cidr_block": "",
            "ipv6_cidr_block_association_id": "",
            "map_public_ip_on_launch": false,
            "owner_id": "389079568269",
            "tags": {
              "Name": "eks-cluster-eks-private",
              "kubernetes.io/cluster/eks-cluster": "shared",
              "kubernetes.io/role/internal-elb": "1"
            },
            "timeouts": null,
            "vpc_id": "vpc-0498e2682bd4bbf55"
          },
          "private": "eyJlMmJmYjczMC1lY2FhLTExZTYtOGY4OC0zNDM2M2JjN2M0YzAiOnsiY3JlYXRlIjo2MDAwMDAwMDAwMDAsImRlbGV0ZSI6MTIwMDAwMDAwMDAwMH0sInNjaGVtYV92ZXJzaW9uIjoiMSJ9",
          "dependencies": [
            "module.eks.module.vpc.aws_vpc.this",
            "module.eks.module.vpc.aws_vpc_ipv4_cidr_block_association.this"
          ]
        }
      ]
    },
    {
      "module": "module.eks.module.vpc",
      "mode": "managed",
      "type": "aws_subnet",
      "name": "public",
      "each": "list",
      "provider": "module.eks.provider.aws",
      "instances": [
        {
          "index_key": 0,
          "schema_version": 1,
          "attributes": {
            "arn": "arn:aws:ec2:us-east-1:389079568269:subnet/subnet-04eb9b55f0c6ebf90",
            "assign_ipv6_address_on_creation": false,
            "availability_zone": "us-east-1a",
            "availability_zone_id": "use1-az6",
            "cidr_block": "10.0.128.0/20",
            "id": "subnet-04eb9b55f0c6ebf90",
            "ipv6_cidr_block": "",
            "ipv6_cidr_block_association_id": "",
            "map_public_ip_on_launch": true,
            "owner_id": "389079568269",
            "tags": {
              "Name": "eks-cluster-eks-public",
              "kubernetes.io/cluster/eks-cluster": "shared",
              "kubernetes.io/role/elb": "1"
            },
            "timeouts": null,
            "vpc_id": "vpc-0498e2682bd4bbf55"
          },
          "private": "eyJlMmJmYjczMC1lY2FhLTExZTYtOGY4OC0zNDM2M2JjN2M0YzAiOnsiY3JlYXRlIjo2MDAwMDAwMDAwMDAsImRlbGV0ZSI6MTIwMDAwMDAwMDAwMH0sInNjaGVtYV92ZXJzaW9uIjoiMSJ9",
          "dependencies": [
            "module.eks.module.vpc.aws_vpc.this",
            "module.eks.module.vpc.aws_vpc_ipv4_cidr_block_association.this"
          ]
        },
        {
          "index_key": 1,
          "schema_version": 1,
          "attributes": {
            "arn": "arn:aws:ec2:us-east-1:389079568269:subnet/subnet-00c1ec00dd30be463",
            "assign_ipv6_address_on_creation": false,
            "availability_zone": "us-east-1b",
            "availability_zone_id": "use1-az1",
            "cidr_block": "10.0.144.0/20",
            "id": "subnet-00c1ec00dd30be463",
            "ipv6_cidr_block": "",
            "ipv6_cidr_block_association_id": "",
            "map_public_ip_on_launch": true,
            "owner_id": "389079568269",
            "tags": {
              "Name": "eks-cluster-eks-public",
              "kubernetes.io/cluster/eks-cluster": "shared",
              "kubernetes.io/role/elb": "1"
            },
            "timeouts": null,
            "vpc_id": "vpc-0498e2682bd4bbf55"
          },
          "private": "eyJlMmJmYjczMC1lY2FhLTExZTYtOGY4OC0zNDM2M2JjN2M0YzAiOnsiY3JlYXRlIjo2MDAwMDAwMDAwMDAsImRlbGV0ZSI6MTIwMDAwMDAwMDAwMH0sInNjaGVtYV92ZXJzaW9uIjoiMSJ9",
          "dependencies": [
            "module.eks.module.vpc.aws_vpc.this",
            "module.eks.module.vpc.aws_vpc_ipv4_cidr_block_association.this"
          ]
        },
        {
          "index_key": 2,
          "schema_version": 1,
          "attributes": {
            "arn": "arn:aws:ec2:us-east-1:389079568269:subnet/subnet-0ba757d2683c193a9",
            "assign_ipv6_address_on_creation": false,
            "availability_zone": "us-east-1c",
            "availability_zone_id": "use1-az2",
            "cidr_block": "10.0.160.0/20",
            "id": "subnet-0ba757d2683c193a9",
            "ipv6_cidr_block": "",
            "ipv6_cidr_block_association_id": "",
            "map_public_ip_on_launch": true,
            "owner_id": "389079568269",
            "tags": {
              "Name": "eks-cluster-eks-public",
              "kubernetes.io/cluster/eks-cluster": "shared",
              "kubernetes.io/role/elb": "1"
            },
            "timeouts": null,
            "vpc_id": "vpc-0498e2682bd4bbf55"
          },
          "private": "eyJlMmJmYjczMC1lY2FhLTExZTYtOGY4OC0zNDM2M2JjN2M0YzAiOnsiY3JlYXRlIjo2MDAwMDAwMDAwMDAsImRlbGV0ZSI6MTIwMDAwMDAwMDAwMH0sInNjaGVtYV92ZXJzaW9uIjoiMSJ9",
          "dependencies": [
            "module.eks.module.vpc.aws_vpc.this",
            "module.eks.module.vpc.aws_vpc_ipv4_cidr_block_association.this"
          ]
        }
      ]
    },
    {
      "module": "module.eks.module.vpc",
      "mode": "managed",
      "type": "aws_subnet",
      "name": "redshift",
      "each": "list",
      "provider": "module.eks.provider.aws",
      "instances": []
    },
    {
      "module": "module.eks.module.vpc",
      "mode": "managed",
      "type": "aws_vpc",
      "name": "this",
      "each": "list",
      "provider": "module.eks.provider.aws",
      "instances": [
        {
          "index_key": 0,
          "schema_version": 1,
          "attributes": {
            "arn": "arn:aws:ec2:us-east-1:389079568269:vpc/vpc-0498e2682bd4bbf55",
            "assign_generated_ipv6_cidr_block": false,
            "cidr_block": "10.0.0.0/16",
            "default_network_acl_id": "acl-0e38c864cca90581d",
            "default_route_table_id": "rtb-00d819797f46a3507",
            "default_security_group_id": "sg-0e02b71acbf0d4980",
            "dhcp_options_id": "dopt-39925343",
            "enable_classiclink": false,
            "enable_classiclink_dns_support": false,
            "enable_dns_hostnames": true,
            "enable_dns_support": true,
            "id": "vpc-0498e2682bd4bbf55",
            "instance_tenancy": "default",
            "ipv6_association_id": "",
            "ipv6_cidr_block": "",
            "main_route_table_id": "rtb-00d819797f46a3507",
            "owner_id": "389079568269",
            "tags": {
              "Name": "eks-cluster-vpc",
              "kubernetes.io/cluster/eks-cluster": "shared"
            }
          },
          "private": "eyJzY2hlbWFfdmVyc2lvbiI6IjEifQ=="
        }
      ]
    },
    {
      "module": "module.eks.module.vpc",
      "mode": "managed",
      "type": "aws_vpc_dhcp_options",
      "name": "this",
      "each": "list",
      "provider": "module.eks.provider.aws",
      "instances": []
    },
    {
      "module": "module.eks.module.vpc",
      "mode": "managed",
      "type": "aws_vpc_dhcp_options_association",
      "name": "this",
      "each": "list",
      "provider": "module.eks.provider.aws",
      "instances": []
    },
    {
      "module": "module.eks.module.vpc",
      "mode": "managed",
      "type": "aws_vpc_endpoint",
      "name": "apigw",
      "each": "list",
      "provider": "module.eks.provider.aws",
      "instances": []
    },
    {
      "module": "module.eks.module.vpc",
      "mode": "managed",
      "type": "aws_vpc_endpoint",
      "name": "cloudtrail",
      "each": "list",
      "provider": "module.eks.provider.aws",
      "instances": []
    },
    {
      "module": "module.eks.module.vpc",
      "mode": "managed",
      "type": "aws_vpc_endpoint",
      "name": "dynamodb",
      "each": "list",
      "provider": "module.eks.provider.aws",
      "instances": []
    },
    {
      "module": "module.eks.module.vpc",
      "mode": "managed",
      "type": "aws_vpc_endpoint",
      "name": "ec2",
      "each": "list",
      "provider": "module.eks.provider.aws",
      "instances": []
    },
    {
      "module": "module.eks.module.vpc",
      "mode": "managed",
      "type": "aws_vpc_endpoint",
      "name": "ec2messages",
      "each": "list",
      "provider": "module.eks.provider.aws",
      "instances": []
    },
    {
      "module": "module.eks.module.vpc",
      "mode": "managed",
      "type": "aws_vpc_endpoint",
      "name": "ecr_api",
      "each": "list",
      "provider": "module.eks.provider.aws",
      "instances": []
    },
    {
      "module": "module.eks.module.vpc",
      "mode": "managed",
      "type": "aws_vpc_endpoint",
      "name": "ecr_dkr",
      "each": "list",
      "provider": "module.eks.provider.aws",
      "instances": []
    },
    {
      "module": "module.eks.module.vpc",
      "mode": "managed",
      "type": "aws_vpc_endpoint",
      "name": "ecs",
      "each": "list",
      "provider": "module.eks.provider.aws",
      "instances": []
    },
    {
      "module": "module.eks.module.vpc",
      "mode": "managed",
      "type": "aws_vpc_endpoint",
      "name": "ecs_agent",
      "each": "list",
      "provider": "module.eks.provider.aws",
      "instances": []
    },
    {
      "module": "module.eks.module.vpc",
      "mode": "managed",
      "type": "aws_vpc_endpoint",
      "name": "ecs_telemetry",
      "each": "list",
      "provider": "module.eks.provider.aws",
      "instances": []
    },
    {
      "module": "module.eks.module.vpc",
      "mode": "managed",
      "type": "aws_vpc_endpoint",
      "name": "elasticloadbalancing",
      "each": "list",
      "provider": "module.eks.provider.aws",
      "instances": []
    },
    {
      "module": "module.eks.module.vpc",
      "mode": "managed",
      "type": "aws_vpc_endpoint",
      "name": "events",
      "each": "list",
      "provider": "module.eks.provider.aws",
      "instances": []
    },
    {
      "module": "module.eks.module.vpc",
      "mode": "managed",
      "type": "aws_vpc_endpoint",
      "name": "kms",
      "each": "list",
      "provider": "module.eks.provider.aws",
      "instances": []
    },
    {
      "module": "module.eks.module.vpc",
      "mode": "managed",
      "type": "aws_vpc_endpoint",
      "name": "logs",
      "each": "list",
      "provider": "module.eks.provider.aws",
      "instances": []
    },
    {
      "module": "module.eks.module.vpc",
      "mode": "managed",
      "type": "aws_vpc_endpoint",
      "name": "monitoring",
      "each": "list",
      "provider": "module.eks.provider.aws",
      "instances": []
    },
    {
      "module": "module.eks.module.vpc",
      "mode": "managed",
      "type": "aws_vpc_endpoint",
      "name": "s3",
      "each": "list",
      "provider": "module.eks.provider.aws",
      "instances": []
    },
    {
      "module": "module.eks.module.vpc",
      "mode": "managed",
      "type": "aws_vpc_endpoint",
      "name": "sns",
      "each": "list",
      "provider": "module.eks.provider.aws",
      "instances": []
    },
    {
      "module": "module.eks.module.vpc",
      "mode": "managed",
      "type": "aws_vpc_endpoint",
      "name": "sqs",
      "each": "list",
      "provider": "module.eks.provider.aws",
      "instances": []
    },
    {
      "module": "module.eks.module.vpc",
      "mode": "managed",
      "type": "aws_vpc_endpoint",
      "name": "ssm",
      "each": "list",
      "provider": "module.eks.provider.aws",
      "instances": []
    },
    {
      "module": "module.eks.module.vpc",
      "mode": "managed",
      "type": "aws_vpc_endpoint",
      "name": "ssmmessages",
      "each": "list",
      "provider": "module.eks.provider.aws",
      "instances": []
    },
    {
      "module": "module.eks.module.vpc",
      "mode": "managed",
      "type": "aws_vpc_endpoint_route_table_association",
      "name": "intra_dynamodb",
      "each": "list",
      "provider": "module.eks.provider.aws",
      "instances": []
    },
    {
      "module": "module.eks.module.vpc",
      "mode": "managed",
      "type": "aws_vpc_endpoint_route_table_association",
      "name": "intra_s3",
      "each": "list",
      "provider": "module.eks.provider.aws",
      "instances": []
    },
    {
      "module": "module.eks.module.vpc",
      "mode": "managed",
      "type": "aws_vpc_endpoint_route_table_association",
      "name": "private_dynamodb",
      "each": "list",
      "provider": "module.eks.provider.aws",
      "instances": []
    },
    {
      "module": "module.eks.module.vpc",
      "mode": "managed",
      "type": "aws_vpc_endpoint_route_table_association",
      "name": "private_s3",
      "each": "list",
      "provider": "module.eks.provider.aws",
      "instances": []
    },
    {
      "module": "module.eks.module.vpc",
      "mode": "managed",
      "type": "aws_vpc_endpoint_route_table_association",
      "name": "public_dynamodb",
      "each": "list",
      "provider": "module.eks.provider.aws",
      "instances": []
    },
    {
      "module": "module.eks.module.vpc",
      "mode": "managed",
      "type": "aws_vpc_endpoint_route_table_association",
      "name": "public_s3",
      "each": "list",
      "provider": "module.eks.provider.aws",
      "instances": []
    },
    {
      "module": "module.eks.module.vpc",
      "mode": "managed",
      "type": "aws_vpc_ipv4_cidr_block_association",
      "name": "this",
      "each": "list",
      "provider": "module.eks.provider.aws",
      "instances": []
    },
    {
      "module": "module.eks.module.vpc",
      "mode": "managed",
      "type": "aws_vpn_gateway",
      "name": "this",
      "each": "list",
      "provider": "module.eks.provider.aws",
      "instances": []
    },
    {
      "module": "module.eks.module.vpc",
      "mode": "managed",
      "type": "aws_vpn_gateway_attachment",
      "name": "this",
      "each": "list",
      "provider": "module.eks.provider.aws",
      "instances": []
    },
    {
      "module": "module.eks.module.vpc",
      "mode": "managed",
      "type": "aws_vpn_gateway_route_propagation",
      "name": "private",
      "each": "list",
      "provider": "module.eks.provider.aws",
      "instances": []
    },
    {
      "module": "module.eks.module.vpc",
      "mode": "managed",
      "type": "aws_vpn_gateway_route_propagation",
      "name": "public",
      "each": "list",
      "provider": "module.eks.provider.aws",
      "instances": []
    },
    {
      "module": "module.eks.module.bastion-asg",
      "mode": "managed",
      "type": "null_resource",
      "name": "tags_as_list_of_maps",
      "each": "list",
      "provider": "provider.null",
      "instances": []
    },
    {
      "module": "module.eks.module.public-eks-nodes-asg",
      "mode": "managed",
      "type": "null_resource",
      "name": "tags_as_list_of_maps",
      "each": "list",
      "provider": "provider.null",
      "instances": []
    },
    {
      "module": "module.eks.module.eks-nodes-asg",
      "mode": "managed",
      "type": "null_resource",
      "name": "tags_as_list_of_maps",
      "each": "list",
      "provider": "provider.null",
      "instances": []
    },
    {
      "module": "module.eks.module.bastion-asg",
      "mode": "managed",
      "type": "random_pet",
      "name": "asg_name",
      "each": "list",
      "provider": "provider.random",
      "instances": [
        {
          "index_key": 0,
          "schema_version": 0,
          "attributes": {
            "id": "tough-beagle",
            "keepers": {
              "lc_name": "eks-cluster-bastion-lc-20200106074149561600000009"
            },
            "length": 2,
            "prefix": null,
            "separator": "-"
          },
          "private": "bnVsbA==",
          "dependencies": [
            "module.eks.aws_key_pair.deployer",
            "module.eks.module.bastion-asg.aws_launch_configuration.this",
            "module.eks.module.ssh_sg.aws_security_group.this",
            "module.eks.module.ssh_sg.aws_security_group.this_name_prefix",
            "module.eks.module.vpc.aws_vpc.this"
          ]
        }
      ]
    },
    {
      "module": "module.eks.module.public-eks-nodes-asg",
      "mode": "managed",
      "type": "random_pet",
      "name": "asg_name",
      "each": "list",
      "provider": "provider.random",
      "instances": [
        {
          "index_key": 0,
          "schema_version": 0,
          "attributes": {
            "id": "renewing-jackal",
            "keepers": {
              "lc_name": "eks-cluster-node-public-lc-2020010607524800970000000b"
            },
            "length": 2,
            "prefix": null,
            "separator": "-"
          },
          "private": "bnVsbA==",
          "dependencies": [
            "module.eks.aws_eks_cluster.eks",
            "module.eks.aws_iam_instance_profile.node",
            "module.eks.aws_iam_role.cluster",
            "module.eks.aws_iam_role.node",
            "module.eks.aws_iam_role_policy_attachment.cluster-AmazonEKSClusterPolicy",
            "module.eks.aws_iam_role_policy_attachment.cluster-AmazonEKSServicePolicy",
            "module.eks.aws_key_pair.deployer",
            "module.eks.module.cluster-sg.aws_security_group.this",
            "module.eks.module.cluster-sg.aws_security_group.this_name_prefix",
            "module.eks.module.node-sg.aws_security_group.this",
            "module.eks.module.node-sg.aws_security_group.this_name_prefix",
            "module.eks.module.public-eks-nodes-asg.aws_launch_configuration.this",
            "module.eks.module.vpc.aws_vpc.this"
          ]
        }
      ]
    },
    {
      "module": "module.eks.module.eks-nodes-asg",
      "mode": "managed",
      "type": "random_pet",
      "name": "asg_name",
      "each": "list",
      "provider": "provider.random",
      "instances": [
        {
          "index_key": 0,
          "schema_version": 0,
          "attributes": {
            "id": "neat-moth",
            "keepers": {
              "lc_name": "eks-cluster-node-lc-2020010607524801870000000c"
            },
            "length": 2,
            "prefix": null,
            "separator": "-"
          },
          "private": "bnVsbA==",
          "dependencies": [
            "module.eks.aws_eks_cluster.eks",
            "module.eks.aws_iam_instance_profile.node",
            "module.eks.aws_iam_role.cluster",
            "module.eks.aws_iam_role.node",
            "module.eks.aws_iam_role_policy_attachment.cluster-AmazonEKSClusterPolicy",
            "module.eks.aws_iam_role_policy_attachment.cluster-AmazonEKSServicePolicy",
            "module.eks.aws_key_pair.deployer",
            "module.eks.module.cluster-sg.aws_security_group.this",
            "module.eks.module.cluster-sg.aws_security_group.this_name_prefix",
            "module.eks.module.eks-nodes-asg.aws_launch_configuration.this",
            "module.eks.module.node-sg.aws_security_group.this",
            "module.eks.module.node-sg.aws_security_group.this_name_prefix",
            "module.eks.module.vpc.aws_vpc.this"
          ]
        }
      ]
    }
  ]
}
